// !$*UTF8*$!
{
	archiveVersion = 1;
	classes = {
	};
	objectVersion = 48;
	objects = {

/* Begin PBXBuildFile section */
		24089DB01FDDB63B00BC4294 /* SpyRouter.swift in Sources */ = {isa = PBXBuildFile; fileRef = 24089DAF1FDDB63B00BC4294 /* SpyRouter.swift */; };
		24089DB21FDDB65F00BC4294 /* Router.swift in Sources */ = {isa = PBXBuildFile; fileRef = 24089DB11FDDB65F00BC4294 /* Router.swift */; };
		24089DB41FDDB6BC00BC4294 /* View.swift in Sources */ = {isa = PBXBuildFile; fileRef = 24089DB31FDDB6BC00BC4294 /* View.swift */; };
		24089DB61FDDB7D100BC4294 /* AppRouter.swift in Sources */ = {isa = PBXBuildFile; fileRef = 24089DB51FDDB7D100BC4294 /* AppRouter.swift */; };
		24089DB81FDDB9C200BC4294 /* AddReminderViewController.swift in Sources */ = {isa = PBXBuildFile; fileRef = 24089DB71FDDB9C200BC4294 /* AddReminderViewController.swift */; };
		24089DBE1FDDBC3E00BC4294 /* AddReminderPresenter.swift in Sources */ = {isa = PBXBuildFile; fileRef = 24089DBD1FDDBC3E00BC4294 /* AddReminderPresenter.swift */; };
		24089DC01FDDBC5100BC4294 /* AddReminderPresenterTest.swift in Sources */ = {isa = PBXBuildFile; fileRef = 24089DBF1FDDBC5100BC4294 /* AddReminderPresenterTest.swift */; };
		24089DC41FDDC08900BC4294 /* Reminder.swift in Sources */ = {isa = PBXBuildFile; fileRef = 24089DC31FDDC08900BC4294 /* Reminder.swift */; };
		24089DC61FDDC0A200BC4294 /* MockRemindersRepository.swift in Sources */ = {isa = PBXBuildFile; fileRef = 24089DC51FDDC0A200BC4294 /* MockRemindersRepository.swift */; };
		24089DC81FDDC0E800BC4294 /* RemindersRepository.swift in Sources */ = {isa = PBXBuildFile; fileRef = 24089DC71FDDC0E800BC4294 /* RemindersRepository.swift */; };
		24089DCC1FDDCA7F00BC4294 /* InMemoryRemindersRepository.swift in Sources */ = {isa = PBXBuildFile; fileRef = 24089DCB1FDDCA7F00BC4294 /* InMemoryRemindersRepository.swift */; };
		24089DD01FDDDEFF00BC4294 /* ControllerFactory.swift in Sources */ = {isa = PBXBuildFile; fileRef = 24089DCF1FDDDEFF00BC4294 /* ControllerFactory.swift */; };
		244295411FDC40D300CAD00D /* Assets.xcassets in Resources */ = {isa = PBXBuildFile; fileRef = 244295401FDC40D300CAD00D /* Assets.xcassets */; };
		244295441FDC40D300CAD00D /* LaunchScreen.storyboard in Resources */ = {isa = PBXBuildFile; fileRef = 244295421FDC40D300CAD00D /* LaunchScreen.storyboard */; };
		245F7BFF1FDC45FD00F319E1 /* RemindersEndToEndTest.swift in Sources */ = {isa = PBXBuildFile; fileRef = 245F7BFE1FDC45FD00F319E1 /* RemindersEndToEndTest.swift */; };
		245F7C011FDC46AC00F319E1 /* AppDelegate.swift in Sources */ = {isa = PBXBuildFile; fileRef = 245F7C001FDC46AC00F319E1 /* AppDelegate.swift */; };
		245F7C031FDC46D500F319E1 /* RemindersViewController.swift in Sources */ = {isa = PBXBuildFile; fileRef = 245F7C021FDC46D500F319E1 /* RemindersViewController.swift */; };
		245F7C141FDC4F7C00F319E1 /* RemindersCore.framework in Frameworks */ = {isa = PBXBuildFile; fileRef = 245F7C0B1FDC4F7C00F319E1 /* RemindersCore.framework */; };
		245F7C1B1FDC4F7C00F319E1 /* RemindersPresenterTest.swift in Sources */ = {isa = PBXBuildFile; fileRef = 245F7C1A1FDC4F7C00F319E1 /* RemindersPresenterTest.swift */; };
		245F7C201FDC4F7C00F319E1 /* RemindersCore.framework in Frameworks */ = {isa = PBXBuildFile; fileRef = 245F7C0B1FDC4F7C00F319E1 /* RemindersCore.framework */; };
		245F7C211FDC4F7C00F319E1 /* RemindersCore.framework in Embed Frameworks */ = {isa = PBXBuildFile; fileRef = 245F7C0B1FDC4F7C00F319E1 /* RemindersCore.framework */; settings = {ATTRIBUTES = (CodeSignOnCopy, RemoveHeadersOnCopy, ); }; };
		245F7C2C1FDC4FFA00F319E1 /* RemindersPresenter.swift in Sources */ = {isa = PBXBuildFile; fileRef = 245F7C2B1FDC4FFA00F319E1 /* RemindersPresenter.swift */; };
		245F7C2E1FDC500300F319E1 /* RemindersView.swift in Sources */ = {isa = PBXBuildFile; fileRef = 245F7C2D1FDC500300F319E1 /* RemindersView.swift */; };
		245F7C301FDC502600F319E1 /* SpyRemindersView.swift in Sources */ = {isa = PBXBuildFile; fileRef = 245F7C2F1FDC502600F319E1 /* SpyRemindersView.swift */; };
/* End PBXBuildFile section */

/* Begin PBXContainerItemProxy section */
		244295561FDC40D300CAD00D /* PBXContainerItemProxy */ = {
			isa = PBXContainerItemProxy;
			containerPortal = 2442952E1FDC40D300CAD00D /* Project object */;
			proxyType = 1;
			remoteGlobalIDString = 244295351FDC40D300CAD00D;
			remoteInfo = Reminders;
		};
		245F7C151FDC4F7C00F319E1 /* PBXContainerItemProxy */ = {
			isa = PBXContainerItemProxy;
			containerPortal = 2442952E1FDC40D300CAD00D /* Project object */;
			proxyType = 1;
			remoteGlobalIDString = 245F7C0A1FDC4F7C00F319E1;
			remoteInfo = RemindersCore;
		};
		245F7C171FDC4F7C00F319E1 /* PBXContainerItemProxy */ = {
			isa = PBXContainerItemProxy;
			containerPortal = 2442952E1FDC40D300CAD00D /* Project object */;
			proxyType = 1;
			remoteGlobalIDString = 244295351FDC40D300CAD00D;
			remoteInfo = Reminders;
		};
		245F7C1E1FDC4F7C00F319E1 /* PBXContainerItemProxy */ = {
			isa = PBXContainerItemProxy;
			containerPortal = 2442952E1FDC40D300CAD00D /* Project object */;
			proxyType = 1;
			remoteGlobalIDString = 245F7C0A1FDC4F7C00F319E1;
			remoteInfo = RemindersCore;
		};
/* End PBXContainerItemProxy section */

/* Begin PBXCopyFilesBuildPhase section */
		245F7C251FDC4F7C00F319E1 /* Embed Frameworks */ = {
			isa = PBXCopyFilesBuildPhase;
			buildActionMask = 2147483647;
			dstPath = "";
			dstSubfolderSpec = 10;
			files = (
				245F7C211FDC4F7C00F319E1 /* RemindersCore.framework in Embed Frameworks */,
			);
			name = "Embed Frameworks";
			runOnlyForDeploymentPostprocessing = 0;
		};
/* End PBXCopyFilesBuildPhase section */

/* Begin PBXFileReference section */
		24089DAF1FDDB63B00BC4294 /* SpyRouter.swift */ = {isa = PBXFileReference; lastKnownFileType = sourcecode.swift; path = SpyRouter.swift; sourceTree = "<group>"; };
		24089DB11FDDB65F00BC4294 /* Router.swift */ = {isa = PBXFileReference; lastKnownFileType = sourcecode.swift; path = Router.swift; sourceTree = "<group>"; };
		24089DB31FDDB6BC00BC4294 /* View.swift */ = {isa = PBXFileReference; lastKnownFileType = sourcecode.swift; path = View.swift; sourceTree = "<group>"; };
		24089DB51FDDB7D100BC4294 /* AppRouter.swift */ = {isa = PBXFileReference; lastKnownFileType = sourcecode.swift; path = AppRouter.swift; sourceTree = "<group>"; };
		24089DB71FDDB9C200BC4294 /* AddReminderViewController.swift */ = {isa = PBXFileReference; lastKnownFileType = sourcecode.swift; path = AddReminderViewController.swift; sourceTree = "<group>"; };
		24089DBD1FDDBC3E00BC4294 /* AddReminderPresenter.swift */ = {isa = PBXFileReference; lastKnownFileType = sourcecode.swift; path = AddReminderPresenter.swift; sourceTree = "<group>"; };
		24089DBF1FDDBC5100BC4294 /* AddReminderPresenterTest.swift */ = {isa = PBXFileReference; lastKnownFileType = sourcecode.swift; path = AddReminderPresenterTest.swift; sourceTree = "<group>"; };
		24089DC31FDDC08900BC4294 /* Reminder.swift */ = {isa = PBXFileReference; lastKnownFileType = sourcecode.swift; path = Reminder.swift; sourceTree = "<group>"; };
		24089DC51FDDC0A200BC4294 /* MockRemindersRepository.swift */ = {isa = PBXFileReference; lastKnownFileType = sourcecode.swift; path = MockRemindersRepository.swift; sourceTree = "<group>"; };
		24089DC71FDDC0E800BC4294 /* RemindersRepository.swift */ = {isa = PBXFileReference; lastKnownFileType = sourcecode.swift; path = RemindersRepository.swift; sourceTree = "<group>"; };
		24089DCB1FDDCA7F00BC4294 /* InMemoryRemindersRepository.swift */ = {isa = PBXFileReference; lastKnownFileType = sourcecode.swift; path = InMemoryRemindersRepository.swift; sourceTree = "<group>"; };
		24089DCF1FDDDEFF00BC4294 /* ControllerFactory.swift */ = {isa = PBXFileReference; lastKnownFileType = sourcecode.swift; path = ControllerFactory.swift; sourceTree = "<group>"; };
		244295361FDC40D300CAD00D /* Reminders.app */ = {isa = PBXFileReference; explicitFileType = wrapper.application; includeInIndex = 0; path = Reminders.app; sourceTree = BUILT_PRODUCTS_DIR; };
		244295401FDC40D300CAD00D /* Assets.xcassets */ = {isa = PBXFileReference; lastKnownFileType = folder.assetcatalog; path = Assets.xcassets; sourceTree = "<group>"; };
		244295431FDC40D300CAD00D /* Base */ = {isa = PBXFileReference; lastKnownFileType = file.storyboard; name = Base; path = Base.lproj/LaunchScreen.storyboard; sourceTree = "<group>"; };
		244295451FDC40D300CAD00D /* Info.plist */ = {isa = PBXFileReference; lastKnownFileType = text.plist.xml; path = Info.plist; sourceTree = "<group>"; };
		244295551FDC40D300CAD00D /* RemindersUITests.xctest */ = {isa = PBXFileReference; explicitFileType = wrapper.cfbundle; includeInIndex = 0; path = RemindersUITests.xctest; sourceTree = BUILT_PRODUCTS_DIR; };
		2442955B1FDC40D300CAD00D /* Info.plist */ = {isa = PBXFileReference; lastKnownFileType = text.plist.xml; path = Info.plist; sourceTree = "<group>"; };
		245F7BFE1FDC45FD00F319E1 /* RemindersEndToEndTest.swift */ = {isa = PBXFileReference; lastKnownFileType = sourcecode.swift; path = RemindersEndToEndTest.swift; sourceTree = "<group>"; };
		245F7C001FDC46AC00F319E1 /* AppDelegate.swift */ = {isa = PBXFileReference; lastKnownFileType = sourcecode.swift; path = AppDelegate.swift; sourceTree = "<group>"; };
		245F7C021FDC46D500F319E1 /* RemindersViewController.swift */ = {isa = PBXFileReference; lastKnownFileType = sourcecode.swift; path = RemindersViewController.swift; sourceTree = "<group>"; };
		245F7C0B1FDC4F7C00F319E1 /* RemindersCore.framework */ = {isa = PBXFileReference; explicitFileType = wrapper.framework; includeInIndex = 0; path = RemindersCore.framework; sourceTree = BUILT_PRODUCTS_DIR; };
		245F7C0E1FDC4F7C00F319E1 /* Info.plist */ = {isa = PBXFileReference; lastKnownFileType = text.plist.xml; path = Info.plist; sourceTree = "<group>"; };
		245F7C131FDC4F7C00F319E1 /* RemindersCoreTests.xctest */ = {isa = PBXFileReference; explicitFileType = wrapper.cfbundle; includeInIndex = 0; path = RemindersCoreTests.xctest; sourceTree = BUILT_PRODUCTS_DIR; };
		245F7C1A1FDC4F7C00F319E1 /* RemindersPresenterTest.swift */ = {isa = PBXFileReference; lastKnownFileType = sourcecode.swift; path = RemindersPresenterTest.swift; sourceTree = "<group>"; };
		245F7C1C1FDC4F7C00F319E1 /* Info.plist */ = {isa = PBXFileReference; lastKnownFileType = text.plist.xml; path = Info.plist; sourceTree = "<group>"; };
		245F7C2B1FDC4FFA00F319E1 /* RemindersPresenter.swift */ = {isa = PBXFileReference; lastKnownFileType = sourcecode.swift; path = RemindersPresenter.swift; sourceTree = "<group>"; };
		245F7C2D1FDC500300F319E1 /* RemindersView.swift */ = {isa = PBXFileReference; lastKnownFileType = sourcecode.swift; path = RemindersView.swift; sourceTree = "<group>"; };
		245F7C2F1FDC502600F319E1 /* SpyRemindersView.swift */ = {isa = PBXFileReference; lastKnownFileType = sourcecode.swift; path = SpyRemindersView.swift; sourceTree = "<group>"; };
/* End PBXFileReference section */

/* Begin PBXFrameworksBuildPhase section */
		244295331FDC40D300CAD00D /* Frameworks */ = {
			isa = PBXFrameworksBuildPhase;
			buildActionMask = 2147483647;
			files = (
				245F7C201FDC4F7C00F319E1 /* RemindersCore.framework in Frameworks */,
			);
			runOnlyForDeploymentPostprocessing = 0;
		};
		244295521FDC40D300CAD00D /* Frameworks */ = {
			isa = PBXFrameworksBuildPhase;
			buildActionMask = 2147483647;
			files = (
			);
			runOnlyForDeploymentPostprocessing = 0;
		};
		245F7C071FDC4F7C00F319E1 /* Frameworks */ = {
			isa = PBXFrameworksBuildPhase;
			buildActionMask = 2147483647;
			files = (
			);
			runOnlyForDeploymentPostprocessing = 0;
		};
		245F7C101FDC4F7C00F319E1 /* Frameworks */ = {
			isa = PBXFrameworksBuildPhase;
			buildActionMask = 2147483647;
			files = (
				245F7C141FDC4F7C00F319E1 /* RemindersCore.framework in Frameworks */,
			);
			runOnlyForDeploymentPostprocessing = 0;
		};
/* End PBXFrameworksBuildPhase section */

/* Begin PBXGroup section */
		24089DB91FDDBBC900BC4294 /* Reminders */ = {
			isa = PBXGroup;
			children = (
				245F7C021FDC46D500F319E1 /* RemindersViewController.swift */,
			);
			path = Reminders;
			sourceTree = "<group>";
		};
		24089DBA1FDDBBD400BC4294 /* Add Reminder */ = {
			isa = PBXGroup;
			children = (
				24089DB71FDDB9C200BC4294 /* AddReminderViewController.swift */,
			);
			path = "Add Reminder";
			sourceTree = "<group>";
		};
		24089DBB1FDDBBDB00BC4294 /* Reminders */ = {
			isa = PBXGroup;
			children = (
				245F7C2B1FDC4FFA00F319E1 /* RemindersPresenter.swift */,
				245F7C2D1FDC500300F319E1 /* RemindersView.swift */,
			);
			path = Reminders;
			sourceTree = "<group>";
		};
		24089DBC1FDDBBE400BC4294 /* Reminders */ = {
			isa = PBXGroup;
			children = (
				245F7C1A1FDC4F7C00F319E1 /* RemindersPresenterTest.swift */,
			);
			path = Reminders;
			sourceTree = "<group>";
		};
		24089DC11FDDBC5A00BC4294 /* Add Reminder */ = {
			isa = PBXGroup;
			children = (
				24089DBF1FDDBC5100BC4294 /* AddReminderPresenterTest.swift */,
			);
			path = "Add Reminder";
			sourceTree = "<group>";
		};
		24089DC21FDDBC7B00BC4294 /* Add Reminder */ = {
			isa = PBXGroup;
			children = (
				24089DBD1FDDBC3E00BC4294 /* AddReminderPresenter.swift */,
			);
			path = "Add Reminder";
			sourceTree = "<group>";
		};
		24089DCD1FDDCC2400BC4294 /* Mocks */ = {
			isa = PBXGroup;
			children = (
				24089DC51FDDC0A200BC4294 /* MockRemindersRepository.swift */,
			);
			path = Mocks;
			sourceTree = "<group>";
		};
		24089DCE1FDDD66500BC4294 /* Repository */ = {
			isa = PBXGroup;
			children = (
				24089DC71FDDC0E800BC4294 /* RemindersRepository.swift */,
				24089DCB1FDDCA7F00BC4294 /* InMemoryRemindersRepository.swift */,
			);
			path = Repository;
			sourceTree = "<group>";
		};
		2442952D1FDC40D300CAD00D = {
			isa = PBXGroup;
			children = (
				244295381FDC40D300CAD00D /* Reminders */,
				244295581FDC40D300CAD00D /* RemindersUITests */,
				245F7C0C1FDC4F7C00F319E1 /* RemindersCore */,
				245F7C191FDC4F7C00F319E1 /* RemindersCoreTests */,
				244295371FDC40D300CAD00D /* Products */,
			);
			sourceTree = "<group>";
		};
		244295371FDC40D300CAD00D /* Products */ = {
			isa = PBXGroup;
			children = (
				244295361FDC40D300CAD00D /* Reminders.app */,
				244295551FDC40D300CAD00D /* RemindersUITests.xctest */,
				245F7C0B1FDC4F7C00F319E1 /* RemindersCore.framework */,
				245F7C131FDC4F7C00F319E1 /* RemindersCoreTests.xctest */,
			);
			name = Products;
			sourceTree = "<group>";
		};
		244295381FDC40D300CAD00D /* Reminders */ = {
			isa = PBXGroup;
			children = (
				245F7C001FDC46AC00F319E1 /* AppDelegate.swift */,
				24089DB51FDDB7D100BC4294 /* AppRouter.swift */,
				24089DCF1FDDDEFF00BC4294 /* ControllerFactory.swift */,
				24089DB91FDDBBC900BC4294 /* Reminders */,
				24089DBA1FDDBBD400BC4294 /* Add Reminder */,
				245F7BF91FDC42F000F319E1 /* Supporting Files */,
			);
			path = Reminders;
			sourceTree = "<group>";
		};
		244295581FDC40D300CAD00D /* RemindersUITests */ = {
			isa = PBXGroup;
			children = (
				245F7BFE1FDC45FD00F319E1 /* RemindersEndToEndTest.swift */,
				245F7BFB1FDC42FF00F319E1 /* Supporting Files */,
			);
			path = RemindersUITests;
			sourceTree = "<group>";
		};
		245F7BF91FDC42F000F319E1 /* Supporting Files */ = {
			isa = PBXGroup;
			children = (
				244295401FDC40D300CAD00D /* Assets.xcassets */,
				244295421FDC40D300CAD00D /* LaunchScreen.storyboard */,
				244295451FDC40D300CAD00D /* Info.plist */,
			);
			path = "Supporting Files";
			sourceTree = "<group>";
		};
		245F7BFB1FDC42FF00F319E1 /* Supporting Files */ = {
			isa = PBXGroup;
			children = (
				2442955B1FDC40D300CAD00D /* Info.plist */,
			);
			path = "Supporting Files";
			sourceTree = "<group>";
		};
		245F7C0C1FDC4F7C00F319E1 /* RemindersCore */ = {
			isa = PBXGroup;
			children = (
				24089DB11FDDB65F00BC4294 /* Router.swift */,
				24089DB31FDDB6BC00BC4294 /* View.swift */,
				24089DC31FDDC08900BC4294 /* Reminder.swift */,
				24089DCE1FDDD66500BC4294 /* Repository */,
				24089DBB1FDDBBDB00BC4294 /* Reminders */,
				24089DC21FDDBC7B00BC4294 /* Add Reminder */,
				245F7C2A1FDC4FC400F319E1 /* Supporting Files */,
			);
			path = RemindersCore;
			sourceTree = "<group>";
		};
		245F7C191FDC4F7C00F319E1 /* RemindersCoreTests */ = {
			isa = PBXGroup;
			children = (
				24089DBC1FDDBBE400BC4294 /* Reminders */,
				24089DC11FDDBC5A00BC4294 /* Add Reminder */,
				24089DCD1FDDCC2400BC4294 /* Mocks */,
				245F7C311FDC504900F319E1 /* Spies */,
				245F7C291FDC4FC000F319E1 /* Supporting Files */,
			);
			path = RemindersCoreTests;
			sourceTree = "<group>";
		};
		245F7C291FDC4FC000F319E1 /* Supporting Files */ = {
			isa = PBXGroup;
			children = (
				245F7C1C1FDC4F7C00F319E1 /* Info.plist */,
			);
			path = "Supporting Files";
			sourceTree = "<group>";
		};
		245F7C2A1FDC4FC400F319E1 /* Supporting Files */ = {
			isa = PBXGroup;
			children = (
				245F7C0E1FDC4F7C00F319E1 /* Info.plist */,
			);
			path = "Supporting Files";
			sourceTree = "<group>";
		};
		245F7C311FDC504900F319E1 /* Spies */ = {
			isa = PBXGroup;
			children = (
				245F7C2F1FDC502600F319E1 /* SpyRemindersView.swift */,
				24089DAF1FDDB63B00BC4294 /* SpyRouter.swift */,
			);
			path = Spies;
			sourceTree = "<group>";
		};
/* End PBXGroup section */

/* Begin PBXHeadersBuildPhase section */
		245F7C081FDC4F7C00F319E1 /* Headers */ = {
			isa = PBXHeadersBuildPhase;
			buildActionMask = 2147483647;
			files = (
			);
			runOnlyForDeploymentPostprocessing = 0;
		};
/* End PBXHeadersBuildPhase section */

/* Begin PBXNativeTarget section */
		244295351FDC40D300CAD00D /* Reminders */ = {
			isa = PBXNativeTarget;
			buildConfigurationList = 2442955E1FDC40D300CAD00D /* Build configuration list for PBXNativeTarget "Reminders" */;
			buildPhases = (
				244295321FDC40D300CAD00D /* Sources */,
				244295331FDC40D300CAD00D /* Frameworks */,
				244295341FDC40D300CAD00D /* Resources */,
				245F7C251FDC4F7C00F319E1 /* Embed Frameworks */,
			);
			buildRules = (
			);
			dependencies = (
				245F7C1F1FDC4F7C00F319E1 /* PBXTargetDependency */,
			);
			name = Reminders;
			productName = Reminders;
			productReference = 244295361FDC40D300CAD00D /* Reminders.app */;
			productType = "com.apple.product-type.application";
		};
		244295541FDC40D300CAD00D /* RemindersUITests */ = {
			isa = PBXNativeTarget;
			buildConfigurationList = 244295641FDC40D300CAD00D /* Build configuration list for PBXNativeTarget "RemindersUITests" */;
			buildPhases = (
				244295511FDC40D300CAD00D /* Sources */,
				244295521FDC40D300CAD00D /* Frameworks */,
				244295531FDC40D300CAD00D /* Resources */,
			);
			buildRules = (
			);
			dependencies = (
				244295571FDC40D300CAD00D /* PBXTargetDependency */,
			);
			name = RemindersUITests;
			productName = RemindersUITests;
			productReference = 244295551FDC40D300CAD00D /* RemindersUITests.xctest */;
			productType = "com.apple.product-type.bundle.ui-testing";
		};
		245F7C0A1FDC4F7C00F319E1 /* RemindersCore */ = {
			isa = PBXNativeTarget;
			buildConfigurationList = 245F7C221FDC4F7C00F319E1 /* Build configuration list for PBXNativeTarget "RemindersCore" */;
			buildPhases = (
				245F7C061FDC4F7C00F319E1 /* Sources */,
				245F7C071FDC4F7C00F319E1 /* Frameworks */,
				245F7C081FDC4F7C00F319E1 /* Headers */,
				245F7C091FDC4F7C00F319E1 /* Resources */,
			);
			buildRules = (
			);
			dependencies = (
			);
			name = RemindersCore;
			productName = RemindersCore;
			productReference = 245F7C0B1FDC4F7C00F319E1 /* RemindersCore.framework */;
			productType = "com.apple.product-type.framework";
		};
		245F7C121FDC4F7C00F319E1 /* RemindersCoreTests */ = {
			isa = PBXNativeTarget;
			buildConfigurationList = 245F7C261FDC4F7C00F319E1 /* Build configuration list for PBXNativeTarget "RemindersCoreTests" */;
			buildPhases = (
				245F7C0F1FDC4F7C00F319E1 /* Sources */,
				245F7C101FDC4F7C00F319E1 /* Frameworks */,
				245F7C111FDC4F7C00F319E1 /* Resources */,
			);
			buildRules = (
			);
			dependencies = (
				245F7C161FDC4F7C00F319E1 /* PBXTargetDependency */,
				245F7C181FDC4F7C00F319E1 /* PBXTargetDependency */,
			);
			name = RemindersCoreTests;
			productName = RemindersCoreTests;
			productReference = 245F7C131FDC4F7C00F319E1 /* RemindersCoreTests.xctest */;
			productType = "com.apple.product-type.bundle.unit-test";
		};
/* End PBXNativeTarget section */

/* Begin PBXProject section */
		2442952E1FDC40D300CAD00D /* Project object */ = {
			isa = PBXProject;
			attributes = {
				LastSwiftUpdateCheck = 0920;
				LastUpgradeCheck = 0920;
				ORGANIZATIONNAME = tm;
				TargetAttributes = {
					244295351FDC40D300CAD00D = {
						CreatedOnToolsVersion = 9.2;
						LastSwiftMigration = 0920;
						ProvisioningStyle = Automatic;
					};
					244295541FDC40D300CAD00D = {
						CreatedOnToolsVersion = 9.2;
						LastSwiftMigration = 0920;
						ProvisioningStyle = Automatic;
						TestTargetID = 244295351FDC40D300CAD00D;
					};
					245F7C0A1FDC4F7C00F319E1 = {
						CreatedOnToolsVersion = 9.2;
						LastSwiftMigration = 0920;
						ProvisioningStyle = Automatic;
					};
					245F7C121FDC4F7C00F319E1 = {
						CreatedOnToolsVersion = 9.2;
						ProvisioningStyle = Automatic;
						TestTargetID = 244295351FDC40D300CAD00D;
					};
				};
			};
			buildConfigurationList = 244295311FDC40D300CAD00D /* Build configuration list for PBXProject "Reminders" */;
			compatibilityVersion = "Xcode 8.0";
			developmentRegion = en;
			hasScannedForEncodings = 0;
			knownRegions = (
				en,
				Base,
			);
			mainGroup = 2442952D1FDC40D300CAD00D;
			productRefGroup = 244295371FDC40D300CAD00D /* Products */;
			projectDirPath = "";
			projectRoot = "";
			targets = (
				244295351FDC40D300CAD00D /* Reminders */,
				244295541FDC40D300CAD00D /* RemindersUITests */,
				245F7C0A1FDC4F7C00F319E1 /* RemindersCore */,
				245F7C121FDC4F7C00F319E1 /* RemindersCoreTests */,
			);
		};
/* End PBXProject section */

/* Begin PBXResourcesBuildPhase section */
		244295341FDC40D300CAD00D /* Resources */ = {
			isa = PBXResourcesBuildPhase;
			buildActionMask = 2147483647;
			files = (
				244295441FDC40D300CAD00D /* LaunchScreen.storyboard in Resources */,
				244295411FDC40D300CAD00D /* Assets.xcassets in Resources */,
			);
			runOnlyForDeploymentPostprocessing = 0;
		};
		244295531FDC40D300CAD00D /* Resources */ = {
			isa = PBXResourcesBuildPhase;
			buildActionMask = 2147483647;
			files = (
			);
			runOnlyForDeploymentPostprocessing = 0;
		};
		245F7C091FDC4F7C00F319E1 /* Resources */ = {
			isa = PBXResourcesBuildPhase;
			buildActionMask = 2147483647;
			files = (
			);
			runOnlyForDeploymentPostprocessing = 0;
		};
		245F7C111FDC4F7C00F319E1 /* Resources */ = {
			isa = PBXResourcesBuildPhase;
			buildActionMask = 2147483647;
			files = (
			);
			runOnlyForDeploymentPostprocessing = 0;
		};
/* End PBXResourcesBuildPhase section */

/* Begin PBXSourcesBuildPhase section */
		244295321FDC40D300CAD00D /* Sources */ = {
			isa = PBXSourcesBuildPhase;
			buildActionMask = 2147483647;
			files = (
				24089DB81FDDB9C200BC4294 /* AddReminderViewController.swift in Sources */,
				24089DD01FDDDEFF00BC4294 /* ControllerFactory.swift in Sources */,
				24089DB61FDDB7D100BC4294 /* AppRouter.swift in Sources */,
				245F7C031FDC46D500F319E1 /* RemindersViewController.swift in Sources */,
				245F7C011FDC46AC00F319E1 /* AppDelegate.swift in Sources */,
			);
			runOnlyForDeploymentPostprocessing = 0;
		};
		244295511FDC40D300CAD00D /* Sources */ = {
			isa = PBXSourcesBuildPhase;
			buildActionMask = 2147483647;
			files = (
				245F7BFF1FDC45FD00F319E1 /* RemindersEndToEndTest.swift in Sources */,
			);
			runOnlyForDeploymentPostprocessing = 0;
		};
		245F7C061FDC4F7C00F319E1 /* Sources */ = {
			isa = PBXSourcesBuildPhase;
			buildActionMask = 2147483647;
			files = (
				24089DB41FDDB6BC00BC4294 /* View.swift in Sources */,
				245F7C2E1FDC500300F319E1 /* RemindersView.swift in Sources */,
				24089DBE1FDDBC3E00BC4294 /* AddReminderPresenter.swift in Sources */,
				24089DC41FDDC08900BC4294 /* Reminder.swift in Sources */,
				24089DB21FDDB65F00BC4294 /* Router.swift in Sources */,
				245F7C2C1FDC4FFA00F319E1 /* RemindersPresenter.swift in Sources */,
				24089DC81FDDC0E800BC4294 /* RemindersRepository.swift in Sources */,
				24089DCC1FDDCA7F00BC4294 /* InMemoryRemindersRepository.swift in Sources */,
			);
			runOnlyForDeploymentPostprocessing = 0;
		};
		245F7C0F1FDC4F7C00F319E1 /* Sources */ = {
			isa = PBXSourcesBuildPhase;
			buildActionMask = 2147483647;
			files = (
				245F7C1B1FDC4F7C00F319E1 /* RemindersPresenterTest.swift in Sources */,
				24089DC61FDDC0A200BC4294 /* MockRemindersRepository.swift in Sources */,
				24089DB01FDDB63B00BC4294 /* SpyRouter.swift in Sources */,
				245F7C301FDC502600F319E1 /* SpyRemindersView.swift in Sources */,
				24089DC01FDDBC5100BC4294 /* AddReminderPresenterTest.swift in Sources */,
			);
			runOnlyForDeploymentPostprocessing = 0;
		};
/* End PBXSourcesBuildPhase section */

/* Begin PBXTargetDependency section */
		244295571FDC40D300CAD00D /* PBXTargetDependency */ = {
			isa = PBXTargetDependency;
			target = 244295351FDC40D300CAD00D /* Reminders */;
			targetProxy = 244295561FDC40D300CAD00D /* PBXContainerItemProxy */;
		};
		245F7C161FDC4F7C00F319E1 /* PBXTargetDependency */ = {
			isa = PBXTargetDependency;
			target = 245F7C0A1FDC4F7C00F319E1 /* RemindersCore */;
			targetProxy = 245F7C151FDC4F7C00F319E1 /* PBXContainerItemProxy */;
		};
		245F7C181FDC4F7C00F319E1 /* PBXTargetDependency */ = {
			isa = PBXTargetDependency;
			target = 244295351FDC40D300CAD00D /* Reminders */;
			targetProxy = 245F7C171FDC4F7C00F319E1 /* PBXContainerItemProxy */;
		};
		245F7C1F1FDC4F7C00F319E1 /* PBXTargetDependency */ = {
			isa = PBXTargetDependency;
			target = 245F7C0A1FDC4F7C00F319E1 /* RemindersCore */;
			targetProxy = 245F7C1E1FDC4F7C00F319E1 /* PBXContainerItemProxy */;
		};
/* End PBXTargetDependency section */

/* Begin PBXVariantGroup section */
		244295421FDC40D300CAD00D /* LaunchScreen.storyboard */ = {
			isa = PBXVariantGroup;
			children = (
				244295431FDC40D300CAD00D /* Base */,
			);
			name = LaunchScreen.storyboard;
			sourceTree = "<group>";
		};
/* End PBXVariantGroup section */

/* Begin XCBuildConfiguration section */
		2442955C1FDC40D300CAD00D /* Debug */ = {
			isa = XCBuildConfiguration;
			buildSettings = {
				ALWAYS_SEARCH_USER_PATHS = NO;
				CLANG_ANALYZER_NONNULL = YES;
				CLANG_ANALYZER_NUMBER_OBJECT_CONVERSION = YES_AGGRESSIVE;
				CLANG_CXX_LANGUAGE_STANDARD = "gnu++14";
				CLANG_CXX_LIBRARY = "libc++";
				CLANG_ENABLE_MODULES = YES;
				CLANG_ENABLE_OBJC_ARC = YES;
				CLANG_WARN_BLOCK_CAPTURE_AUTORELEASING = YES;
				CLANG_WARN_BOOL_CONVERSION = YES;
				CLANG_WARN_COMMA = YES;
				CLANG_WARN_CONSTANT_CONVERSION = YES;
				CLANG_WARN_DIRECT_OBJC_ISA_USAGE = YES_ERROR;
				CLANG_WARN_DOCUMENTATION_COMMENTS = YES;
				CLANG_WARN_EMPTY_BODY = YES;
				CLANG_WARN_ENUM_CONVERSION = YES;
				CLANG_WARN_INFINITE_RECURSION = YES;
				CLANG_WARN_INT_CONVERSION = YES;
				CLANG_WARN_NON_LITERAL_NULL_CONVERSION = YES;
				CLANG_WARN_OBJC_LITERAL_CONVERSION = YES;
				CLANG_WARN_OBJC_ROOT_CLASS = YES_ERROR;
				CLANG_WARN_RANGE_LOOP_ANALYSIS = YES;
				CLANG_WARN_STRICT_PROTOTYPES = YES;
				CLANG_WARN_SUSPICIOUS_MOVE = YES;
				CLANG_WARN_UNGUARDED_AVAILABILITY = YES_AGGRESSIVE;
				CLANG_WARN_UNREACHABLE_CODE = YES;
				CLANG_WARN__DUPLICATE_METHOD_MATCH = YES;
				CODE_SIGN_IDENTITY = "iPhone Developer";
				COPY_PHASE_STRIP = NO;
				DEBUG_INFORMATION_FORMAT = dwarf;
				ENABLE_STRICT_OBJC_MSGSEND = YES;
				ENABLE_TESTABILITY = YES;
				GCC_C_LANGUAGE_STANDARD = gnu11;
				GCC_DYNAMIC_NO_PIC = NO;
				GCC_NO_COMMON_BLOCKS = YES;
				GCC_OPTIMIZATION_LEVEL = 0;
				GCC_PREPROCESSOR_DEFINITIONS = (
					"DEBUG=1",
					"$(inherited)",
				);
				GCC_WARN_64_TO_32_BIT_CONVERSION = YES;
				GCC_WARN_ABOUT_RETURN_TYPE = YES_ERROR;
				GCC_WARN_UNDECLARED_SELECTOR = YES;
				GCC_WARN_UNINITIALIZED_AUTOS = YES_AGGRESSIVE;
				GCC_WARN_UNUSED_FUNCTION = YES;
				GCC_WARN_UNUSED_VARIABLE = YES;
				IPHONEOS_DEPLOYMENT_TARGET = 11.0;
				MTL_ENABLE_DEBUG_INFO = YES;
				ONLY_ACTIVE_ARCH = YES;
				SDKROOT = iphoneos;
				SWIFT_ACTIVE_COMPILATION_CONDITIONS = DEBUG;
				SWIFT_OPTIMIZATION_LEVEL = "-Onone";
			};
			name = Debug;
		};
		2442955D1FDC40D300CAD00D /* Release */ = {
			isa = XCBuildConfiguration;
			buildSettings = {
				ALWAYS_SEARCH_USER_PATHS = NO;
				CLANG_ANALYZER_NONNULL = YES;
				CLANG_ANALYZER_NUMBER_OBJECT_CONVERSION = YES_AGGRESSIVE;
				CLANG_CXX_LANGUAGE_STANDARD = "gnu++14";
				CLANG_CXX_LIBRARY = "libc++";
				CLANG_ENABLE_MODULES = YES;
				CLANG_ENABLE_OBJC_ARC = YES;
				CLANG_WARN_BLOCK_CAPTURE_AUTORELEASING = YES;
				CLANG_WARN_BOOL_CONVERSION = YES;
				CLANG_WARN_COMMA = YES;
				CLANG_WARN_CONSTANT_CONVERSION = YES;
				CLANG_WARN_DIRECT_OBJC_ISA_USAGE = YES_ERROR;
				CLANG_WARN_DOCUMENTATION_COMMENTS = YES;
				CLANG_WARN_EMPTY_BODY = YES;
				CLANG_WARN_ENUM_CONVERSION = YES;
				CLANG_WARN_INFINITE_RECURSION = YES;
				CLANG_WARN_INT_CONVERSION = YES;
				CLANG_WARN_NON_LITERAL_NULL_CONVERSION = YES;
				CLANG_WARN_OBJC_LITERAL_CONVERSION = YES;
				CLANG_WARN_OBJC_ROOT_CLASS = YES_ERROR;
				CLANG_WARN_RANGE_LOOP_ANALYSIS = YES;
				CLANG_WARN_STRICT_PROTOTYPES = YES;
				CLANG_WARN_SUSPICIOUS_MOVE = YES;
				CLANG_WARN_UNGUARDED_AVAILABILITY = YES_AGGRESSIVE;
				CLANG_WARN_UNREACHABLE_CODE = YES;
				CLANG_WARN__DUPLICATE_METHOD_MATCH = YES;
				CODE_SIGN_IDENTITY = "iPhone Developer";
				COPY_PHASE_STRIP = NO;
				DEBUG_INFORMATION_FORMAT = "dwarf-with-dsym";
				ENABLE_NS_ASSERTIONS = NO;
				ENABLE_STRICT_OBJC_MSGSEND = YES;
				GCC_C_LANGUAGE_STANDARD = gnu11;
				GCC_NO_COMMON_BLOCKS = YES;
				GCC_WARN_64_TO_32_BIT_CONVERSION = YES;
				GCC_WARN_ABOUT_RETURN_TYPE = YES_ERROR;
				GCC_WARN_UNDECLARED_SELECTOR = YES;
				GCC_WARN_UNINITIALIZED_AUTOS = YES_AGGRESSIVE;
				GCC_WARN_UNUSED_FUNCTION = YES;
				GCC_WARN_UNUSED_VARIABLE = YES;
				IPHONEOS_DEPLOYMENT_TARGET = 11.0;
				MTL_ENABLE_DEBUG_INFO = NO;
				SDKROOT = iphoneos;
				SWIFT_OPTIMIZATION_LEVEL = "-Owholemodule";
				VALIDATE_PRODUCT = YES;
			};
			name = Release;
		};
		2442955F1FDC40D300CAD00D /* Debug */ = {
			isa = XCBuildConfiguration;
			buildSettings = {
				ALWAYS_EMBED_SWIFT_STANDARD_LIBRARIES = YES;
				ASSETCATALOG_COMPILER_APPICON_NAME = AppIcon;
				CLANG_ENABLE_MODULES = YES;
				CODE_SIGN_STYLE = Automatic;
				DEVELOPMENT_TEAM = 4C34FT6ABU;
				INFOPLIST_FILE = "$(SRCROOT)/Reminders/Supporting Files/Info.plist";
				LD_RUNPATH_SEARCH_PATHS = "$(inherited) @executable_path/Frameworks";
				PRODUCT_BUNDLE_IDENTIFIER = com.tm.Reminders;
				PRODUCT_NAME = "$(TARGET_NAME)";
				SWIFT_OPTIMIZATION_LEVEL = "-Onone";
				SWIFT_VERSION = 4.0;
				TARGETED_DEVICE_FAMILY = "1,2";
			};
			name = Debug;
		};
		244295601FDC40D300CAD00D /* Release */ = {
			isa = XCBuildConfiguration;
			buildSettings = {
				ALWAYS_EMBED_SWIFT_STANDARD_LIBRARIES = YES;
				ASSETCATALOG_COMPILER_APPICON_NAME = AppIcon;
				CLANG_ENABLE_MODULES = YES;
				CODE_SIGN_STYLE = Automatic;
				DEVELOPMENT_TEAM = 4C34FT6ABU;
				INFOPLIST_FILE = "$(SRCROOT)/Reminders/Supporting Files/Info.plist";
				LD_RUNPATH_SEARCH_PATHS = "$(inherited) @executable_path/Frameworks";
				PRODUCT_BUNDLE_IDENTIFIER = com.tm.Reminders;
				PRODUCT_NAME = "$(TARGET_NAME)";
				SWIFT_VERSION = 4.0;
				TARGETED_DEVICE_FAMILY = "1,2";
			};
			name = Release;
		};
		244295651FDC40D300CAD00D /* Debug */ = {
			isa = XCBuildConfiguration;
			buildSettings = {
				ALWAYS_EMBED_SWIFT_STANDARD_LIBRARIES = YES;
				CLANG_ENABLE_MODULES = YES;
				CODE_SIGN_STYLE = Automatic;
				DEVELOPMENT_TEAM = 4C34FT6ABU;
				INFOPLIST_FILE = "RemindersUITests/Supporting Files/Info.plist";
				LD_RUNPATH_SEARCH_PATHS = "$(inherited) @executable_path/Frameworks @loader_path/Frameworks";
				PRODUCT_BUNDLE_IDENTIFIER = com.tm.RemindersUITests;
				PRODUCT_NAME = "$(TARGET_NAME)";
				SWIFT_OPTIMIZATION_LEVEL = "-Onone";
				SWIFT_VERSION = 4.0;
				TARGETED_DEVICE_FAMILY = "1,2";
				TEST_TARGET_NAME = Reminders;
			};
			name = Debug;
		};
		244295661FDC40D300CAD00D /* Release */ = {
			isa = XCBuildConfiguration;
			buildSettings = {
				ALWAYS_EMBED_SWIFT_STANDARD_LIBRARIES = YES;
				CLANG_ENABLE_MODULES = YES;
				CODE_SIGN_STYLE = Automatic;
				DEVELOPMENT_TEAM = 4C34FT6ABU;
				INFOPLIST_FILE = "RemindersUITests/Supporting Files/Info.plist";
				LD_RUNPATH_SEARCH_PATHS = "$(inherited) @executable_path/Frameworks @loader_path/Frameworks";
				PRODUCT_BUNDLE_IDENTIFIER = com.tm.RemindersUITests;
				PRODUCT_NAME = "$(TARGET_NAME)";
				SWIFT_VERSION = 4.0;
				TARGETED_DEVICE_FAMILY = "1,2";
				TEST_TARGET_NAME = Reminders;
			};
			name = Release;
		};
		245F7C231FDC4F7C00F319E1 /* Debug */ = {
			isa = XCBuildConfiguration;
			buildSettings = {
				CLANG_ENABLE_MODULES = YES;
				CODE_SIGN_IDENTITY = "";
				CODE_SIGN_STYLE = Automatic;
				CURRENT_PROJECT_VERSION = 1;
				DEFINES_MODULE = YES;
				DEVELOPMENT_TEAM = 4C34FT6ABU;
				DYLIB_COMPATIBILITY_VERSION = 1;
				DYLIB_CURRENT_VERSION = 1;
				DYLIB_INSTALL_NAME_BASE = "@rpath";
				INFOPLIST_FILE = "$(SRCROOT)/RemindersCore/Supporting Files/Info.plist";
				INSTALL_PATH = "$(LOCAL_LIBRARY_DIR)/Frameworks";
				LD_RUNPATH_SEARCH_PATHS = "$(inherited) @executable_path/Frameworks @loader_path/Frameworks";
				PRODUCT_BUNDLE_IDENTIFIER = com.tm.RemindersCore;
				PRODUCT_NAME = "$(TARGET_NAME:c99extidentifier)";
				SKIP_INSTALL = YES;
				SWIFT_OPTIMIZATION_LEVEL = "-Onone";
				SWIFT_VERSION = 4.0;
				TARGETED_DEVICE_FAMILY = "1,2";
				VERSIONING_SYSTEM = "apple-generic";
				VERSION_INFO_PREFIX = "";
			};
			name = Debug;
		};
		245F7C241FDC4F7C00F319E1 /* Release */ = {
			isa = XCBuildConfiguration;
			buildSettings = {
				CLANG_ENABLE_MODULES = YES;
				CODE_SIGN_IDENTITY = "";
				CODE_SIGN_STYLE = Automatic;
				CURRENT_PROJECT_VERSION = 1;
				DEFINES_MODULE = YES;
				DEVELOPMENT_TEAM = 4C34FT6ABU;
				DYLIB_COMPATIBILITY_VERSION = 1;
				DYLIB_CURRENT_VERSION = 1;
				DYLIB_INSTALL_NAME_BASE = "@rpath";
				INFOPLIST_FILE = "$(SRCROOT)/RemindersCore/Supporting Files/Info.plist";
				INSTALL_PATH = "$(LOCAL_LIBRARY_DIR)/Frameworks";
				LD_RUNPATH_SEARCH_PATHS = "$(inherited) @executable_path/Frameworks @loader_path/Frameworks";
				PRODUCT_BUNDLE_IDENTIFIER = com.tm.RemindersCore;
				PRODUCT_NAME = "$(TARGET_NAME:c99extidentifier)";
				SKIP_INSTALL = YES;
				SWIFT_VERSION = 4.0;
				TARGETED_DEVICE_FAMILY = "1,2";
				VERSIONING_SYSTEM = "apple-generic";
				VERSION_INFO_PREFIX = "";
			};
			name = Release;
		};
		245F7C271FDC4F7C00F319E1 /* Debug */ = {
			isa = XCBuildConfiguration;
			buildSettings = {
				ALWAYS_EMBED_SWIFT_STANDARD_LIBRARIES = YES;
				CODE_SIGN_STYLE = Automatic;
				DEVELOPMENT_TEAM = 4C34FT6ABU;
				INFOPLIST_FILE = "RemindersCoreTests/Supporting Files/Info.plist";
				LD_RUNPATH_SEARCH_PATHS = "$(inherited) @executable_path/Frameworks @loader_path/Frameworks";
				PRODUCT_BUNDLE_IDENTIFIER = com.tm.RemindersCoreTests;
				PRODUCT_NAME = "$(TARGET_NAME)";
				SWIFT_VERSION = 4.0;
				TARGETED_DEVICE_FAMILY = "1,2";
				TEST_HOST = "$(BUILT_PRODUCTS_DIR)/Reminders.app/Reminders";
			};
			name = Debug;
		};
		245F7C281FDC4F7C00F319E1 /* Release */ = {
			isa = XCBuildConfiguration;
			buildSettings = {
				ALWAYS_EMBED_SWIFT_STANDARD_LIBRARIES = YES;
				CODE_SIGN_STYLE = Automatic;
				DEVELOPMENT_TEAM = 4C34FT6ABU;
				INFOPLIST_FILE = "RemindersCoreTests/Supporting Files/Info.plist";
				LD_RUNPATH_SEARCH_PATHS = "$(inherited) @executable_path/Frameworks @loader_path/Frameworks";
				PRODUCT_BUNDLE_IDENTIFIER = com.tm.RemindersCoreTests;
				PRODUCT_NAME = "$(TARGET_NAME)";
				SWIFT_VERSION = 4.0;
				TARGETED_DEVICE_FAMILY = "1,2";
				TEST_HOST = "$(BUILT_PRODUCTS_DIR)/Reminders.app/Reminders";
			};
			name = Release;
		};
/* End XCBuildConfiguration section */

/* Begin XCConfigurationList section */
		244295311FDC40D300CAD00D /* Build configuration list for PBXProject "Reminders" */ = {
			isa = XCConfigurationList;
			buildConfigurations = (
				2442955C1FDC40D300CAD00D /* Debug */,
				2442955D1FDC40D300CAD00D /* Release */,
			);
			defaultConfigurationIsVisible = 0;
			defaultConfigurationName = Release;
		};
		2442955E1FDC40D300CAD00D /* Build configuration list for PBXNativeTarget "Reminders" */ = {
			isa = XCConfigurationList;
			buildConfigurations = (
				2442955F1FDC40D300CAD00D /* Debug */,
				244295601FDC40D300CAD00D /* Release */,
			);
			defaultConfigurationIsVisible = 0;
			defaultConfigurationName = Release;
		};
		244295641FDC40D300CAD00D /* Build configuration list for PBXNativeTarget "RemindersUITests" */ = {
			isa = XCConfigurationList;
			buildConfigurations = (
				244295651FDC40D300CAD00D /* Debug */,
				244295661FDC40D300CAD00D /* Release */,
			);
			defaultConfigurationIsVisible = 0;
			defaultConfigurationName = Release;
		};
		245F7C221FDC4F7C00F319E1 /* Build configuration list for PBXNativeTarget "RemindersCore" */ = {
			isa = XCConfigurationList;
			buildConfigurations = (
				245F7C231FDC4F7C00F319E1 /* Debug */,
				245F7C241FDC4F7C00F319E1 /* Release */,
			);
			defaultConfigurationIsVisible = 0;
			defaultConfigurationName = Release;
		};
		245F7C261FDC4F7C00F319E1 /* Build configuration list for PBXNativeTarget "RemindersCoreTests" */ = {
			isa = XCConfigurationList;
			buildConfigurations = (
				245F7C271FDC4F7C00F319E1 /* Debug */,
				245F7C281FDC4F7C00F319E1 /* Release */,
			);
			defaultConfigurationIsVisible = 0;
			defaultConfigurationName = Release;
		};
/* End XCConfigurationList section */
	};
	rootObject = 2442952E1FDC40D300CAD00D /* Project object */;
}
