// !$*UTF8*$!
{
	archiveVersion = 1;
	classes = {
	};
	objectVersion = 48;
	objects = {

/* Begin PBXBuildFile section */
		24089DB21FDDB65F00BC4294 /* Router.swift in Sources */ = {isa = PBXBuildFile; fileRef = 24089DB11FDDB65F00BC4294 /* Router.swift */; };
		24089DB41FDDB6BC00BC4294 /* Route.swift in Sources */ = {isa = PBXBuildFile; fileRef = 24089DB31FDDB6BC00BC4294 /* Route.swift */; };
		24089DB61FDDB7D100BC4294 /* AppRouter.swift in Sources */ = {isa = PBXBuildFile; fileRef = 24089DB51FDDB7D100BC4294 /* AppRouter.swift */; };
		24089DB81FDDB9C200BC4294 /* AddReminderViewController.swift in Sources */ = {isa = PBXBuildFile; fileRef = 24089DB71FDDB9C200BC4294 /* AddReminderViewController.swift */; };
		24089DBE1FDDBC3E00BC4294 /* AddReminderPresenter.swift in Sources */ = {isa = PBXBuildFile; fileRef = 24089DBD1FDDBC3E00BC4294 /* AddReminderPresenter.swift */; };
		24089DC01FDDBC5100BC4294 /* AddReminderPresenterTest.swift in Sources */ = {isa = PBXBuildFile; fileRef = 24089DBF1FDDBC5100BC4294 /* AddReminderPresenterTest.swift */; };
		24089DC41FDDC08900BC4294 /* Reminder.swift in Sources */ = {isa = PBXBuildFile; fileRef = 24089DC31FDDC08900BC4294 /* Reminder.swift */; };
		24089DC81FDDC0E800BC4294 /* RemindersRepository.swift in Sources */ = {isa = PBXBuildFile; fileRef = 24089DC71FDDC0E800BC4294 /* RemindersRepository.swift */; };
		24089DD01FDDDEFF00BC4294 /* ViewControllerFactory.swift in Sources */ = {isa = PBXBuildFile; fileRef = 24089DCF1FDDDEFF00BC4294 /* ViewControllerFactory.swift */; };
		244295411FDC40D300CAD00D /* Assets.xcassets in Resources */ = {isa = PBXBuildFile; fileRef = 244295401FDC40D300CAD00D /* Assets.xcassets */; };
		244295441FDC40D300CAD00D /* LaunchScreen.storyboard in Resources */ = {isa = PBXBuildFile; fileRef = 244295421FDC40D300CAD00D /* LaunchScreen.storyboard */; };
		245F7C011FDC46AC00F319E1 /* AppDelegate.swift in Sources */ = {isa = PBXBuildFile; fileRef = 245F7C001FDC46AC00F319E1 /* AppDelegate.swift */; };
		245F7C031FDC46D500F319E1 /* RemindersViewController.swift in Sources */ = {isa = PBXBuildFile; fileRef = 245F7C021FDC46D500F319E1 /* RemindersViewController.swift */; };
		245F7C141FDC4F7C00F319E1 /* RemindersCore.framework in Frameworks */ = {isa = PBXBuildFile; fileRef = 245F7C0B1FDC4F7C00F319E1 /* RemindersCore.framework */; };
		245F7C1B1FDC4F7C00F319E1 /* RemindersPresenterTest.swift in Sources */ = {isa = PBXBuildFile; fileRef = 245F7C1A1FDC4F7C00F319E1 /* RemindersPresenterTest.swift */; };
		245F7C201FDC4F7C00F319E1 /* RemindersCore.framework in Frameworks */ = {isa = PBXBuildFile; fileRef = 245F7C0B1FDC4F7C00F319E1 /* RemindersCore.framework */; };
		245F7C211FDC4F7C00F319E1 /* RemindersCore.framework in Embed Frameworks */ = {isa = PBXBuildFile; fileRef = 245F7C0B1FDC4F7C00F319E1 /* RemindersCore.framework */; settings = {ATTRIBUTES = (CodeSignOnCopy, RemoveHeadersOnCopy, ); }; };
		245F7C2C1FDC4FFA00F319E1 /* RemindersPresenter.swift in Sources */ = {isa = PBXBuildFile; fileRef = 245F7C2B1FDC4FFA00F319E1 /* RemindersPresenter.swift */; };
		245F7C2E1FDC500300F319E1 /* RemindersView.swift in Sources */ = {isa = PBXBuildFile; fileRef = 245F7C2D1FDC500300F319E1 /* RemindersView.swift */; };
		24BCB8F21FDDEFB900BA94C3 /* InMemoryRemindersRepository.swift in Sources */ = {isa = PBXBuildFile; fileRef = 24089DCB1FDDCA7F00BC4294 /* InMemoryRemindersRepository.swift */; };
		24CC3A0A1FDDF3EE00F9D1EF /* AddReminderView.swift in Sources */ = {isa = PBXBuildFile; fileRef = 24CC3A091FDDF3EE00F9D1EF /* AddReminderView.swift */; };
		24F90F161FED441B0070BED0 /* AddReminderRouter.swift in Sources */ = {isa = PBXBuildFile; fileRef = 24F90F151FED441B0070BED0 /* AddReminderRouter.swift */; };
		24F90F181FED453F0070BED0 /* RemindersRouter.swift in Sources */ = {isa = PBXBuildFile; fileRef = 24F90F171FED453F0070BED0 /* RemindersRouter.swift */; };
		24F90F1A1FED47260070BED0 /* ControllerRouter.swift in Sources */ = {isa = PBXBuildFile; fileRef = 24F90F191FED47260070BED0 /* ControllerRouter.swift */; };
		24F90F1C1FED480C0070BED0 /* ControllerRouterFactory.swift in Sources */ = {isa = PBXBuildFile; fileRef = 24F90F1B1FED480C0070BED0 /* ControllerRouterFactory.swift */; };
		24FE16221FDF03F300D252F6 /* SpyRouter.swift in Sources */ = {isa = PBXBuildFile; fileRef = 24FE161E1FDF03F300D252F6 /* SpyRouter.swift */; };
		24FE16231FDF03F300D252F6 /* MockRemindersRepository.swift in Sources */ = {isa = PBXBuildFile; fileRef = 24FE161F1FDF03F300D252F6 /* MockRemindersRepository.swift */; };
		24FE16241FDF03F300D252F6 /* SpyRemindersView.swift in Sources */ = {isa = PBXBuildFile; fileRef = 24FE16201FDF03F300D252F6 /* SpyRemindersView.swift */; };
		24FE16251FDF03F300D252F6 /* MockAddReminderView.swift in Sources */ = {isa = PBXBuildFile; fileRef = 24FE16211FDF03F300D252F6 /* MockAddReminderView.swift */; };
		24FE162E1FDF0DC100D252F6 /* FakeViewController.swift in Sources */ = {isa = PBXBuildFile; fileRef = 24FE162D1FDF0DC100D252F6 /* FakeViewController.swift */; };
		24FE16311FDF150200D252F6 /* Window.swift in Sources */ = {isa = PBXBuildFile; fileRef = 24FE16301FDF150200D252F6 /* Window.swift */; };
		24FE16331FDF151C00D252F6 /* ViewController.swift in Sources */ = {isa = PBXBuildFile; fileRef = 24FE16321FDF151C00D252F6 /* ViewController.swift */; };
		24FE16351FDF155E00D252F6 /* UIWindow+Window.swift in Sources */ = {isa = PBXBuildFile; fileRef = 24FE16341FDF155E00D252F6 /* UIWindow+Window.swift */; };
		24FE16371FDF157600D252F6 /* UIViewController+ViewController.swift in Sources */ = {isa = PBXBuildFile; fileRef = 24FE16361FDF157600D252F6 /* UIViewController+ViewController.swift */; };
		24FE16391FDF17E300D252F6 /* FakeWindow.swift in Sources */ = {isa = PBXBuildFile; fileRef = 24FE16381FDF17E300D252F6 /* FakeWindow.swift */; };
		BB5273EA1FDEC060005629B4 /* MockControllerFactory.swift in Sources */ = {isa = PBXBuildFile; fileRef = BB5273D91FDEBE47005629B4 /* MockControllerFactory.swift */; };
		BB5273EC1FDEC076005629B4 /* RemindersEndToEndTest.swift in Sources */ = {isa = PBXBuildFile; fileRef = 245F7BFE1FDC45FD00F319E1 /* RemindersEndToEndTest.swift */; };
		BB5273ED1FDEC07A005629B4 /* AppRouterTests.swift in Sources */ = {isa = PBXBuildFile; fileRef = BB5273D71FDEBDBB005629B4 /* AppRouterTests.swift */; };
		EA2318701FE42DDC0078564F /* ControllerFactory.swift in Sources */ = {isa = PBXBuildFile; fileRef = EA23186F1FE42DDC0078564F /* ControllerFactory.swift */; };
		EA2318721FE42DEA0078564F /* AddReminderControllerFactory.swift in Sources */ = {isa = PBXBuildFile; fileRef = EA2318711FE42DEA0078564F /* AddReminderControllerFactory.swift */; };
		EA2318741FE42DF90078564F /* RemindersViewControllerFactory.swift in Sources */ = {isa = PBXBuildFile; fileRef = EA2318731FE42DF90078564F /* RemindersViewControllerFactory.swift */; };
/* End PBXBuildFile section */

/* Begin PBXContainerItemProxy section */
		244295561FDC40D300CAD00D /* PBXContainerItemProxy */ = {
			isa = PBXContainerItemProxy;
			containerPortal = 2442952E1FDC40D300CAD00D /* Project object */;
			proxyType = 1;
			remoteGlobalIDString = 244295351FDC40D300CAD00D;
			remoteInfo = Reminders;
		};
		245F7C151FDC4F7C00F319E1 /* PBXContainerItemProxy */ = {
			isa = PBXContainerItemProxy;
			containerPortal = 2442952E1FDC40D300CAD00D /* Project object */;
			proxyType = 1;
			remoteGlobalIDString = 245F7C0A1FDC4F7C00F319E1;
			remoteInfo = RemindersCore;
		};
		245F7C171FDC4F7C00F319E1 /* PBXContainerItemProxy */ = {
			isa = PBXContainerItemProxy;
			containerPortal = 2442952E1FDC40D300CAD00D /* Project object */;
			proxyType = 1;
			remoteGlobalIDString = 244295351FDC40D300CAD00D;
			remoteInfo = Reminders;
		};
		245F7C1E1FDC4F7C00F319E1 /* PBXContainerItemProxy */ = {
			isa = PBXContainerItemProxy;
			containerPortal = 2442952E1FDC40D300CAD00D /* Project object */;
			proxyType = 1;
			remoteGlobalIDString = 245F7C0A1FDC4F7C00F319E1;
			remoteInfo = RemindersCore;
		};
		BB5273E41FDEC029005629B4 /* PBXContainerItemProxy */ = {
			isa = PBXContainerItemProxy;
			containerPortal = 2442952E1FDC40D300CAD00D /* Project object */;
			proxyType = 1;
			remoteGlobalIDString = 244295351FDC40D300CAD00D;
			remoteInfo = Reminders;
		};
/* End PBXContainerItemProxy section */

/* Begin PBXCopyFilesBuildPhase section */
		245F7C251FDC4F7C00F319E1 /* Embed Frameworks */ = {
			isa = PBXCopyFilesBuildPhase;
			buildActionMask = 2147483647;
			dstPath = "";
			dstSubfolderSpec = 10;
			files = (
				245F7C211FDC4F7C00F319E1 /* RemindersCore.framework in Embed Frameworks */,
			);
			name = "Embed Frameworks";
			runOnlyForDeploymentPostprocessing = 0;
		};
/* End PBXCopyFilesBuildPhase section */

/* Begin PBXFileReference section */
		24089DB11FDDB65F00BC4294 /* Router.swift */ = {isa = PBXFileReference; lastKnownFileType = sourcecode.swift; path = Router.swift; sourceTree = "<group>"; };
		24089DB31FDDB6BC00BC4294 /* Route.swift */ = {isa = PBXFileReference; lastKnownFileType = sourcecode.swift; path = Route.swift; sourceTree = "<group>"; };
		24089DB51FDDB7D100BC4294 /* AppRouter.swift */ = {isa = PBXFileReference; lastKnownFileType = sourcecode.swift; path = AppRouter.swift; sourceTree = "<group>"; };
		24089DB71FDDB9C200BC4294 /* AddReminderViewController.swift */ = {isa = PBXFileReference; lastKnownFileType = sourcecode.swift; path = AddReminderViewController.swift; sourceTree = "<group>"; };
		24089DBD1FDDBC3E00BC4294 /* AddReminderPresenter.swift */ = {isa = PBXFileReference; lastKnownFileType = sourcecode.swift; path = AddReminderPresenter.swift; sourceTree = "<group>"; };
		24089DBF1FDDBC5100BC4294 /* AddReminderPresenterTest.swift */ = {isa = PBXFileReference; lastKnownFileType = sourcecode.swift; path = AddReminderPresenterTest.swift; sourceTree = "<group>"; };
		24089DC31FDDC08900BC4294 /* Reminder.swift */ = {isa = PBXFileReference; lastKnownFileType = sourcecode.swift; path = Reminder.swift; sourceTree = "<group>"; };
		24089DC71FDDC0E800BC4294 /* RemindersRepository.swift */ = {isa = PBXFileReference; lastKnownFileType = sourcecode.swift; path = RemindersRepository.swift; sourceTree = "<group>"; };
		24089DCB1FDDCA7F00BC4294 /* InMemoryRemindersRepository.swift */ = {isa = PBXFileReference; lastKnownFileType = sourcecode.swift; path = InMemoryRemindersRepository.swift; sourceTree = "<group>"; };
		24089DCF1FDDDEFF00BC4294 /* ViewControllerFactory.swift */ = {isa = PBXFileReference; lastKnownFileType = sourcecode.swift; path = ViewControllerFactory.swift; sourceTree = "<group>"; };
		244295361FDC40D300CAD00D /* Reminders.app */ = {isa = PBXFileReference; explicitFileType = wrapper.application; includeInIndex = 0; path = Reminders.app; sourceTree = BUILT_PRODUCTS_DIR; };
		244295401FDC40D300CAD00D /* Assets.xcassets */ = {isa = PBXFileReference; lastKnownFileType = folder.assetcatalog; path = Assets.xcassets; sourceTree = "<group>"; };
		244295431FDC40D300CAD00D /* Base */ = {isa = PBXFileReference; lastKnownFileType = file.storyboard; name = Base; path = Base.lproj/LaunchScreen.storyboard; sourceTree = "<group>"; };
		244295451FDC40D300CAD00D /* Info.plist */ = {isa = PBXFileReference; lastKnownFileType = text.plist.xml; path = Info.plist; sourceTree = "<group>"; };
		244295551FDC40D300CAD00D /* RemindersUITests.xctest */ = {isa = PBXFileReference; explicitFileType = wrapper.cfbundle; includeInIndex = 0; path = RemindersUITests.xctest; sourceTree = BUILT_PRODUCTS_DIR; };
		2442955B1FDC40D300CAD00D /* Info.plist */ = {isa = PBXFileReference; lastKnownFileType = text.plist.xml; path = Info.plist; sourceTree = "<group>"; };
		245F7BFE1FDC45FD00F319E1 /* RemindersEndToEndTest.swift */ = {isa = PBXFileReference; lastKnownFileType = sourcecode.swift; path = RemindersEndToEndTest.swift; sourceTree = "<group>"; };
		245F7C001FDC46AC00F319E1 /* AppDelegate.swift */ = {isa = PBXFileReference; lastKnownFileType = sourcecode.swift; path = AppDelegate.swift; sourceTree = "<group>"; };
		245F7C021FDC46D500F319E1 /* RemindersViewController.swift */ = {isa = PBXFileReference; lastKnownFileType = sourcecode.swift; path = RemindersViewController.swift; sourceTree = "<group>"; };
		245F7C0B1FDC4F7C00F319E1 /* RemindersCore.framework */ = {isa = PBXFileReference; explicitFileType = wrapper.framework; includeInIndex = 0; path = RemindersCore.framework; sourceTree = BUILT_PRODUCTS_DIR; };
		245F7C0E1FDC4F7C00F319E1 /* Info.plist */ = {isa = PBXFileReference; lastKnownFileType = text.plist.xml; path = Info.plist; sourceTree = "<group>"; };
		245F7C131FDC4F7C00F319E1 /* RemindersCoreTests.xctest */ = {isa = PBXFileReference; explicitFileType = wrapper.cfbundle; includeInIndex = 0; path = RemindersCoreTests.xctest; sourceTree = BUILT_PRODUCTS_DIR; };
		245F7C1A1FDC4F7C00F319E1 /* RemindersPresenterTest.swift */ = {isa = PBXFileReference; lastKnownFileType = sourcecode.swift; path = RemindersPresenterTest.swift; sourceTree = "<group>"; };
		245F7C1C1FDC4F7C00F319E1 /* Info.plist */ = {isa = PBXFileReference; lastKnownFileType = text.plist.xml; path = Info.plist; sourceTree = "<group>"; };
		245F7C2B1FDC4FFA00F319E1 /* RemindersPresenter.swift */ = {isa = PBXFileReference; lastKnownFileType = sourcecode.swift; path = RemindersPresenter.swift; sourceTree = "<group>"; };
		245F7C2D1FDC500300F319E1 /* RemindersView.swift */ = {isa = PBXFileReference; lastKnownFileType = sourcecode.swift; path = RemindersView.swift; sourceTree = "<group>"; };
		24CC3A091FDDF3EE00F9D1EF /* AddReminderView.swift */ = {isa = PBXFileReference; lastKnownFileType = sourcecode.swift; path = AddReminderView.swift; sourceTree = "<group>"; };
		24F90F151FED441B0070BED0 /* AddReminderRouter.swift */ = {isa = PBXFileReference; lastKnownFileType = sourcecode.swift; path = AddReminderRouter.swift; sourceTree = "<group>"; };
		24F90F171FED453F0070BED0 /* RemindersRouter.swift */ = {isa = PBXFileReference; lastKnownFileType = sourcecode.swift; path = RemindersRouter.swift; sourceTree = "<group>"; };
		24F90F191FED47260070BED0 /* ControllerRouter.swift */ = {isa = PBXFileReference; lastKnownFileType = sourcecode.swift; path = ControllerRouter.swift; sourceTree = "<group>"; };
		24F90F1B1FED480C0070BED0 /* ControllerRouterFactory.swift */ = {isa = PBXFileReference; lastKnownFileType = sourcecode.swift; path = ControllerRouterFactory.swift; sourceTree = "<group>"; };
		24FE161E1FDF03F300D252F6 /* SpyRouter.swift */ = {isa = PBXFileReference; fileEncoding = 4; lastKnownFileType = sourcecode.swift; path = SpyRouter.swift; sourceTree = "<group>"; };
		24FE161F1FDF03F300D252F6 /* MockRemindersRepository.swift */ = {isa = PBXFileReference; fileEncoding = 4; lastKnownFileType = sourcecode.swift; path = MockRemindersRepository.swift; sourceTree = "<group>"; };
		24FE16201FDF03F300D252F6 /* SpyRemindersView.swift */ = {isa = PBXFileReference; fileEncoding = 4; lastKnownFileType = sourcecode.swift; path = SpyRemindersView.swift; sourceTree = "<group>"; };
		24FE16211FDF03F300D252F6 /* MockAddReminderView.swift */ = {isa = PBXFileReference; fileEncoding = 4; lastKnownFileType = sourcecode.swift; path = MockAddReminderView.swift; sourceTree = "<group>"; };
		24FE162D1FDF0DC100D252F6 /* FakeViewController.swift */ = {isa = PBXFileReference; lastKnownFileType = sourcecode.swift; path = FakeViewController.swift; sourceTree = "<group>"; };
		24FE16301FDF150200D252F6 /* Window.swift */ = {isa = PBXFileReference; lastKnownFileType = sourcecode.swift; path = Window.swift; sourceTree = "<group>"; };
		24FE16321FDF151C00D252F6 /* ViewController.swift */ = {isa = PBXFileReference; lastKnownFileType = sourcecode.swift; path = ViewController.swift; sourceTree = "<group>"; };
		24FE16341FDF155E00D252F6 /* UIWindow+Window.swift */ = {isa = PBXFileReference; lastKnownFileType = sourcecode.swift; path = "UIWindow+Window.swift"; sourceTree = "<group>"; };
		24FE16361FDF157600D252F6 /* UIViewController+ViewController.swift */ = {isa = PBXFileReference; lastKnownFileType = sourcecode.swift; path = "UIViewController+ViewController.swift"; sourceTree = "<group>"; };
		24FE16381FDF17E300D252F6 /* FakeWindow.swift */ = {isa = PBXFileReference; lastKnownFileType = sourcecode.swift; path = FakeWindow.swift; sourceTree = "<group>"; };
		BB5273D71FDEBDBB005629B4 /* AppRouterTests.swift */ = {isa = PBXFileReference; lastKnownFileType = sourcecode.swift; path = AppRouterTests.swift; sourceTree = "<group>"; };
		BB5273D91FDEBE47005629B4 /* MockControllerFactory.swift */ = {isa = PBXFileReference; lastKnownFileType = sourcecode.swift; path = MockControllerFactory.swift; sourceTree = "<group>"; };
		BB5273DF1FDEC029005629B4 /* RemindersTests.xctest */ = {isa = PBXFileReference; explicitFileType = wrapper.cfbundle; includeInIndex = 0; path = RemindersTests.xctest; sourceTree = BUILT_PRODUCTS_DIR; };
		BB5273E31FDEC029005629B4 /* Info.plist */ = {isa = PBXFileReference; lastKnownFileType = text.plist.xml; path = Info.plist; sourceTree = "<group>"; };
		EA23186F1FE42DDC0078564F /* ControllerFactory.swift */ = {isa = PBXFileReference; lastKnownFileType = sourcecode.swift; path = ControllerFactory.swift; sourceTree = "<group>"; };
		EA2318711FE42DEA0078564F /* AddReminderControllerFactory.swift */ = {isa = PBXFileReference; lastKnownFileType = sourcecode.swift; path = AddReminderControllerFactory.swift; sourceTree = "<group>"; };
		EA2318731FE42DF90078564F /* RemindersViewControllerFactory.swift */ = {isa = PBXFileReference; lastKnownFileType = sourcecode.swift; path = RemindersViewControllerFactory.swift; sourceTree = "<group>"; };
/* End PBXFileReference section */

/* Begin PBXFrameworksBuildPhase section */
		244295331FDC40D300CAD00D /* Frameworks */ = {
			isa = PBXFrameworksBuildPhase;
			buildActionMask = 2147483647;
			files = (
				245F7C201FDC4F7C00F319E1 /* RemindersCore.framework in Frameworks */,
			);
			runOnlyForDeploymentPostprocessing = 0;
		};
		244295521FDC40D300CAD00D /* Frameworks */ = {
			isa = PBXFrameworksBuildPhase;
			buildActionMask = 2147483647;
			files = (
			);
			runOnlyForDeploymentPostprocessing = 0;
		};
		245F7C071FDC4F7C00F319E1 /* Frameworks */ = {
			isa = PBXFrameworksBuildPhase;
			buildActionMask = 2147483647;
			files = (
			);
			runOnlyForDeploymentPostprocessing = 0;
		};
		245F7C101FDC4F7C00F319E1 /* Frameworks */ = {
			isa = PBXFrameworksBuildPhase;
			buildActionMask = 2147483647;
			files = (
				245F7C141FDC4F7C00F319E1 /* RemindersCore.framework in Frameworks */,
			);
			runOnlyForDeploymentPostprocessing = 0;
		};
		BB5273DC1FDEC029005629B4 /* Frameworks */ = {
			isa = PBXFrameworksBuildPhase;
			buildActionMask = 2147483647;
			files = (
			);
			runOnlyForDeploymentPostprocessing = 0;
		};
/* End PBXFrameworksBuildPhase section */

/* Begin PBXGroup section */
		24089DB91FDDBBC900BC4294 /* Reminders */ = {
			isa = PBXGroup;
			children = (
				245F7C021FDC46D500F319E1 /* RemindersViewController.swift */,
			);
			path = Reminders;
			sourceTree = "<group>";
		};
		24089DBA1FDDBBD400BC4294 /* Add Reminder */ = {
			isa = PBXGroup;
			children = (
				24089DB71FDDB9C200BC4294 /* AddReminderViewController.swift */,
			);
			path = "Add Reminder";
			sourceTree = "<group>";
		};
		24089DBB1FDDBBDB00BC4294 /* Reminders */ = {
			isa = PBXGroup;
			children = (
				245F7C2B1FDC4FFA00F319E1 /* RemindersPresenter.swift */,
				245F7C2D1FDC500300F319E1 /* RemindersView.swift */,
			);
			path = Reminders;
			sourceTree = "<group>";
		};
		24089DBC1FDDBBE400BC4294 /* Reminders */ = {
			isa = PBXGroup;
			children = (
				245F7C1A1FDC4F7C00F319E1 /* RemindersPresenterTest.swift */,
			);
			path = Reminders;
			sourceTree = "<group>";
		};
		24089DC11FDDBC5A00BC4294 /* Add Reminder */ = {
			isa = PBXGroup;
			children = (
				24089DBF1FDDBC5100BC4294 /* AddReminderPresenterTest.swift */,
			);
			path = "Add Reminder";
			sourceTree = "<group>";
		};
		24089DC21FDDBC7B00BC4294 /* Add Reminder */ = {
			isa = PBXGroup;
			children = (
				24089DBD1FDDBC3E00BC4294 /* AddReminderPresenter.swift */,
				24CC3A091FDDF3EE00F9D1EF /* AddReminderView.swift */,
			);
			path = "Add Reminder";
			sourceTree = "<group>";
		};
		24089DCE1FDDD66500BC4294 /* Repositories */ = {
			isa = PBXGroup;
			children = (
				24089DC71FDDC0E800BC4294 /* RemindersRepository.swift */,
			);
			path = Repositories;
			sourceTree = "<group>";
		};
		2442952D1FDC40D300CAD00D = {
			isa = PBXGroup;
			children = (
				244295381FDC40D300CAD00D /* Reminders */,
				244295581FDC40D300CAD00D /* RemindersUITests */,
				BB5273E01FDEC029005629B4 /* RemindersTests */,
				245F7C0C1FDC4F7C00F319E1 /* RemindersCore */,
				245F7C191FDC4F7C00F319E1 /* RemindersCoreTests */,
				244295371FDC40D300CAD00D /* Products */,
			);
			sourceTree = "<group>";
		};
		244295371FDC40D300CAD00D /* Products */ = {
			isa = PBXGroup;
			children = (
				244295361FDC40D300CAD00D /* Reminders.app */,
				244295551FDC40D300CAD00D /* RemindersUITests.xctest */,
				245F7C0B1FDC4F7C00F319E1 /* RemindersCore.framework */,
				245F7C131FDC4F7C00F319E1 /* RemindersCoreTests.xctest */,
				BB5273DF1FDEC029005629B4 /* RemindersTests.xctest */,
			);
			name = Products;
			sourceTree = "<group>";
		};
		244295381FDC40D300CAD00D /* Reminders */ = {
			isa = PBXGroup;
			children = (
				245F7C001FDC46AC00F319E1 /* AppDelegate.swift */,
				EA2318751FE42E0D0078564F /* Factories */,
				24FE163B1FDF182C00D252F6 /* Router */,
				24BCB8F31FDDF00B00BA94C3 /* Repositories */,
				24089DB91FDDBBC900BC4294 /* Reminders */,
				24089DBA1FDDBBD400BC4294 /* Add Reminder */,
				245F7BF91FDC42F000F319E1 /* Supporting Files */,
			);
			path = Reminders;
			sourceTree = "<group>";
		};
		244295581FDC40D300CAD00D /* RemindersUITests */ = {
			isa = PBXGroup;
			children = (
				245F7BFE1FDC45FD00F319E1 /* RemindersEndToEndTest.swift */,
				245F7BFB1FDC42FF00F319E1 /* Supporting Files */,
			);
			path = RemindersUITests;
			sourceTree = "<group>";
		};
		245F7BF91FDC42F000F319E1 /* Supporting Files */ = {
			isa = PBXGroup;
			children = (
				244295401FDC40D300CAD00D /* Assets.xcassets */,
				244295421FDC40D300CAD00D /* LaunchScreen.storyboard */,
				244295451FDC40D300CAD00D /* Info.plist */,
			);
			path = "Supporting Files";
			sourceTree = "<group>";
		};
		245F7BFB1FDC42FF00F319E1 /* Supporting Files */ = {
			isa = PBXGroup;
			children = (
				2442955B1FDC40D300CAD00D /* Info.plist */,
			);
			path = "Supporting Files";
			sourceTree = "<group>";
		};
		245F7C0C1FDC4F7C00F319E1 /* RemindersCore */ = {
			isa = PBXGroup;
			children = (
				24089DB11FDDB65F00BC4294 /* Router.swift */,
				24089DB31FDDB6BC00BC4294 /* Route.swift */,
				24089DC31FDDC08900BC4294 /* Reminder.swift */,
				24089DCE1FDDD66500BC4294 /* Repositories */,
				24089DBB1FDDBBDB00BC4294 /* Reminders */,
				24089DC21FDDBC7B00BC4294 /* Add Reminder */,
				245F7C2A1FDC4FC400F319E1 /* Supporting Files */,
			);
			path = RemindersCore;
			sourceTree = "<group>";
		};
		245F7C191FDC4F7C00F319E1 /* RemindersCoreTests */ = {
			isa = PBXGroup;
			children = (
				24089DBC1FDDBBE400BC4294 /* Reminders */,
				24089DC11FDDBC5A00BC4294 /* Add Reminder */,
				24FE16281FDF040100D252F6 /* Test Doubles */,
				245F7C291FDC4FC000F319E1 /* Supporting Files */,
			);
			path = RemindersCoreTests;
			sourceTree = "<group>";
		};
		245F7C291FDC4FC000F319E1 /* Supporting Files */ = {
			isa = PBXGroup;
			children = (
				245F7C1C1FDC4F7C00F319E1 /* Info.plist */,
			);
			path = "Supporting Files";
			sourceTree = "<group>";
		};
		245F7C2A1FDC4FC400F319E1 /* Supporting Files */ = {
			isa = PBXGroup;
			children = (
				245F7C0E1FDC4F7C00F319E1 /* Info.plist */,
			);
			path = "Supporting Files";
			sourceTree = "<group>";
		};
		24BCB8F31FDDF00B00BA94C3 /* Repositories */ = {
			isa = PBXGroup;
			children = (
				24089DCB1FDDCA7F00BC4294 /* InMemoryRemindersRepository.swift */,
			);
			path = Repositories;
			sourceTree = "<group>";
		};
		24FE16261FDF03F600D252F6 /* Spies */ = {
			isa = PBXGroup;
			children = (
				24FE16201FDF03F300D252F6 /* SpyRemindersView.swift */,
				24FE161E1FDF03F300D252F6 /* SpyRouter.swift */,
			);
			path = Spies;
			sourceTree = "<group>";
		};
		24FE16271FDF03FC00D252F6 /* Mocks */ = {
			isa = PBXGroup;
			children = (
				24FE16211FDF03F300D252F6 /* MockAddReminderView.swift */,
				24FE161F1FDF03F300D252F6 /* MockRemindersRepository.swift */,
			);
			path = Mocks;
			sourceTree = "<group>";
		};
		24FE16281FDF040100D252F6 /* Test Doubles */ = {
			isa = PBXGroup;
			children = (
				24FE16271FDF03FC00D252F6 /* Mocks */,
				24FE16261FDF03F600D252F6 /* Spies */,
			);
			path = "Test Doubles";
			sourceTree = "<group>";
		};
		24FE16291FDF08F300D252F6 /* Supporting Files */ = {
			isa = PBXGroup;
			children = (
				BB5273E31FDEC029005629B4 /* Info.plist */,
			);
			path = "Supporting Files";
			sourceTree = "<group>";
		};
		24FE162A1FDF093600D252F6 /* Test Doubles */ = {
			isa = PBXGroup;
			children = (
				BB5273E91FDEC048005629B4 /* Mocks */,
				24FE163A1FDF17F800D252F6 /* Fakes */,
			);
			path = "Test Doubles";
			sourceTree = "<group>";
		};
		24FE163A1FDF17F800D252F6 /* Fakes */ = {
			isa = PBXGroup;
			children = (
				24FE162D1FDF0DC100D252F6 /* FakeViewController.swift */,
				24FE16381FDF17E300D252F6 /* FakeWindow.swift */,
			);
			path = Fakes;
			sourceTree = "<group>";
		};
		24FE163B1FDF182C00D252F6 /* Router */ = {
			isa = PBXGroup;
			children = (
				24089DB51FDDB7D100BC4294 /* AppRouter.swift */,
				24F90F1B1FED480C0070BED0 /* ControllerRouterFactory.swift */,
				24F90F191FED47260070BED0 /* ControllerRouter.swift */,
				24F90F171FED453F0070BED0 /* RemindersRouter.swift */,
				24F90F151FED441B0070BED0 /* AddReminderRouter.swift */,
				24FE163C1FDF183D00D252F6 /* Window */,
				24FE163D1FDF184400D252F6 /* ViewController */,
			);
			path = Router;
			sourceTree = "<group>";
		};
		24FE163C1FDF183D00D252F6 /* Window */ = {
			isa = PBXGroup;
			children = (
				24FE16301FDF150200D252F6 /* Window.swift */,
				24FE16341FDF155E00D252F6 /* UIWindow+Window.swift */,
			);
			path = Window;
			sourceTree = "<group>";
		};
		24FE163D1FDF184400D252F6 /* ViewController */ = {
			isa = PBXGroup;
			children = (
				24FE16321FDF151C00D252F6 /* ViewController.swift */,
				24FE16361FDF157600D252F6 /* UIViewController+ViewController.swift */,
			);
			path = ViewController;
			sourceTree = "<group>";
		};
		BB5273D61FDEBDA7005629B4 /* Router */ = {
			isa = PBXGroup;
			children = (
				BB5273D71FDEBDBB005629B4 /* AppRouterTests.swift */,
			);
			path = Router;
			sourceTree = "<group>";
		};
		BB5273E01FDEC029005629B4 /* RemindersTests */ = {
			isa = PBXGroup;
			children = (
				BB5273D61FDEBDA7005629B4 /* Router */,
				24FE162A1FDF093600D252F6 /* Test Doubles */,
				24FE16291FDF08F300D252F6 /* Supporting Files */,
			);
			path = RemindersTests;
			sourceTree = "<group>";
		};
		BB5273E91FDEC048005629B4 /* Mocks */ = {
			isa = PBXGroup;
			children = (
				BB5273D91FDEBE47005629B4 /* MockControllerFactory.swift */,
			);
			path = Mocks;
			sourceTree = "<group>";
		};
		EA2318751FE42E0D0078564F /* Factories */ = {
			isa = PBXGroup;
			children = (
				24089DCF1FDDDEFF00BC4294 /* ViewControllerFactory.swift */,
				EA23186F1FE42DDC0078564F /* ControllerFactory.swift */,
				EA2318711FE42DEA0078564F /* AddReminderControllerFactory.swift */,
				EA2318731FE42DF90078564F /* RemindersViewControllerFactory.swift */,
			);
			path = Factories;
			sourceTree = "<group>";
		};
/* End PBXGroup section */

/* Begin PBXHeadersBuildPhase section */
		245F7C081FDC4F7C00F319E1 /* Headers */ = {
			isa = PBXHeadersBuildPhase;
			buildActionMask = 2147483647;
			files = (
			);
			runOnlyForDeploymentPostprocessing = 0;
		};
/* End PBXHeadersBuildPhase section */

/* Begin PBXNativeTarget section */
		244295351FDC40D300CAD00D /* Reminders */ = {
			isa = PBXNativeTarget;
			buildConfigurationList = 2442955E1FDC40D300CAD00D /* Build configuration list for PBXNativeTarget "Reminders" */;
			buildPhases = (
				244295321FDC40D300CAD00D /* Sources */,
				244295331FDC40D300CAD00D /* Frameworks */,
				244295341FDC40D300CAD00D /* Resources */,
				245F7C251FDC4F7C00F319E1 /* Embed Frameworks */,
				24F115E12164AA55007F9CFC /* Swift Format */,
				24C984FC1FDDE46500C3D964 /* Swift Lint */,
			);
			buildRules = (
			);
			dependencies = (
				245F7C1F1FDC4F7C00F319E1 /* PBXTargetDependency */,
			);
			name = Reminders;
			productName = Reminders;
			productReference = 244295361FDC40D300CAD00D /* Reminders.app */;
			productType = "com.apple.product-type.application";
		};
		244295541FDC40D300CAD00D /* RemindersUITests */ = {
			isa = PBXNativeTarget;
			buildConfigurationList = 244295641FDC40D300CAD00D /* Build configuration list for PBXNativeTarget "RemindersUITests" */;
			buildPhases = (
				244295511FDC40D300CAD00D /* Sources */,
				244295521FDC40D300CAD00D /* Frameworks */,
				244295531FDC40D300CAD00D /* Resources */,
			);
			buildRules = (
			);
			dependencies = (
				244295571FDC40D300CAD00D /* PBXTargetDependency */,
			);
			name = RemindersUITests;
			productName = RemindersUITests;
			productReference = 244295551FDC40D300CAD00D /* RemindersUITests.xctest */;
			productType = "com.apple.product-type.bundle.ui-testing";
		};
		245F7C0A1FDC4F7C00F319E1 /* RemindersCore */ = {
			isa = PBXNativeTarget;
			buildConfigurationList = 245F7C221FDC4F7C00F319E1 /* Build configuration list for PBXNativeTarget "RemindersCore" */;
			buildPhases = (
				245F7C061FDC4F7C00F319E1 /* Sources */,
				245F7C071FDC4F7C00F319E1 /* Frameworks */,
				245F7C081FDC4F7C00F319E1 /* Headers */,
				245F7C091FDC4F7C00F319E1 /* Resources */,
			);
			buildRules = (
			);
			dependencies = (
			);
			name = RemindersCore;
			productName = RemindersCore;
			productReference = 245F7C0B1FDC4F7C00F319E1 /* RemindersCore.framework */;
			productType = "com.apple.product-type.framework";
		};
		245F7C121FDC4F7C00F319E1 /* RemindersCoreTests */ = {
			isa = PBXNativeTarget;
			buildConfigurationList = 245F7C261FDC4F7C00F319E1 /* Build configuration list for PBXNativeTarget "RemindersCoreTests" */;
			buildPhases = (
				245F7C0F1FDC4F7C00F319E1 /* Sources */,
				245F7C101FDC4F7C00F319E1 /* Frameworks */,
				245F7C111FDC4F7C00F319E1 /* Resources */,
			);
			buildRules = (
			);
			dependencies = (
				245F7C161FDC4F7C00F319E1 /* PBXTargetDependency */,
				245F7C181FDC4F7C00F319E1 /* PBXTargetDependency */,
			);
			name = RemindersCoreTests;
			productName = RemindersCoreTests;
			productReference = 245F7C131FDC4F7C00F319E1 /* RemindersCoreTests.xctest */;
			productType = "com.apple.product-type.bundle.unit-test";
		};
		BB5273DE1FDEC029005629B4 /* RemindersTests */ = {
			isa = PBXNativeTarget;
			buildConfigurationList = BB5273E61FDEC029005629B4 /* Build configuration list for PBXNativeTarget "RemindersTests" */;
			buildPhases = (
				BB5273DB1FDEC029005629B4 /* Sources */,
				BB5273DC1FDEC029005629B4 /* Frameworks */,
				BB5273DD1FDEC029005629B4 /* Resources */,
			);
			buildRules = (
			);
			dependencies = (
				BB5273E51FDEC029005629B4 /* PBXTargetDependency */,
			);
			name = RemindersTests;
			productName = RemindersTests;
			productReference = BB5273DF1FDEC029005629B4 /* RemindersTests.xctest */;
			productType = "com.apple.product-type.bundle.unit-test";
		};
/* End PBXNativeTarget section */

/* Begin PBXProject section */
		2442952E1FDC40D300CAD00D /* Project object */ = {
			isa = PBXProject;
			attributes = {
				LastSwiftUpdateCheck = 0910;
				LastUpgradeCheck = 1000;
				ORGANIZATIONNAME = tm;
				TargetAttributes = {
					244295351FDC40D300CAD00D = {
						CreatedOnToolsVersion = 9.2;
						LastSwiftMigration = 1000;
						ProvisioningStyle = Automatic;
					};
					244295541FDC40D300CAD00D = {
						CreatedOnToolsVersion = 9.2;
						LastSwiftMigration = 0920;
						ProvisioningStyle = Automatic;
						TestTargetID = 244295351FDC40D300CAD00D;
					};
					245F7C0A1FDC4F7C00F319E1 = {
						CreatedOnToolsVersion = 9.2;
						LastSwiftMigration = 1000;
						ProvisioningStyle = Automatic;
					};
					245F7C121FDC4F7C00F319E1 = {
						CreatedOnToolsVersion = 9.2;
						LastSwiftMigration = 1000;
						ProvisioningStyle = Automatic;
						TestTargetID = 244295351FDC40D300CAD00D;
					};
					BB5273DE1FDEC029005629B4 = {
						CreatedOnToolsVersion = 9.1;
						ProvisioningStyle = Automatic;
						TestTargetID = 244295351FDC40D300CAD00D;
					};
				};
			};
			buildConfigurationList = 244295311FDC40D300CAD00D /* Build configuration list for PBXProject "Reminders" */;
			compatibilityVersion = "Xcode 8.0";
			developmentRegion = en;
			hasScannedForEncodings = 0;
			knownRegions = (
				en,
				Base,
			);
			mainGroup = 2442952D1FDC40D300CAD00D;
			productRefGroup = 244295371FDC40D300CAD00D /* Products */;
			projectDirPath = "";
			projectRoot = "";
			targets = (
				244295351FDC40D300CAD00D /* Reminders */,
				BB5273DE1FDEC029005629B4 /* RemindersTests */,
				244295541FDC40D300CAD00D /* RemindersUITests */,
				245F7C0A1FDC4F7C00F319E1 /* RemindersCore */,
				245F7C121FDC4F7C00F319E1 /* RemindersCoreTests */,
			);
		};
/* End PBXProject section */

/* Begin PBXResourcesBuildPhase section */
		244295341FDC40D300CAD00D /* Resources */ = {
			isa = PBXResourcesBuildPhase;
			buildActionMask = 2147483647;
			files = (
				244295441FDC40D300CAD00D /* LaunchScreen.storyboard in Resources */,
				244295411FDC40D300CAD00D /* Assets.xcassets in Resources */,
			);
			runOnlyForDeploymentPostprocessing = 0;
		};
		244295531FDC40D300CAD00D /* Resources */ = {
			isa = PBXResourcesBuildPhase;
			buildActionMask = 2147483647;
			files = (
			);
			runOnlyForDeploymentPostprocessing = 0;
		};
		245F7C091FDC4F7C00F319E1 /* Resources */ = {
			isa = PBXResourcesBuildPhase;
			buildActionMask = 2147483647;
			files = (
			);
			runOnlyForDeploymentPostprocessing = 0;
		};
		245F7C111FDC4F7C00F319E1 /* Resources */ = {
			isa = PBXResourcesBuildPhase;
			buildActionMask = 2147483647;
			files = (
			);
			runOnlyForDeploymentPostprocessing = 0;
		};
		BB5273DD1FDEC029005629B4 /* Resources */ = {
			isa = PBXResourcesBuildPhase;
			buildActionMask = 2147483647;
			files = (
			);
			runOnlyForDeploymentPostprocessing = 0;
		};
/* End PBXResourcesBuildPhase section */

/* Begin PBXShellScriptBuildPhase section */
		24C984FC1FDDE46500C3D964 /* Swift Lint */ = {
			isa = PBXShellScriptBuildPhase;
			buildActionMask = 2147483647;
			files = (
			);
			inputPaths = (
			);
			name = "Swift Lint";
			outputPaths = (
			);
			runOnlyForDeploymentPostprocessing = 0;
			shellPath = /bin/sh;
			shellScript = "if which swiftlint >/dev/null; then\nswiftlint autocorrect\nswiftlint\nelse\necho \"warning: SwiftLint not installed, download from https://github.com/realm/SwiftLint\"\nfi\n";
		};
		24F115E12164AA55007F9CFC /* Swift Format */ = {
			isa = PBXShellScriptBuildPhase;
			buildActionMask = 2147483647;
			files = (
			);
			inputFileListPaths = (
			);
			inputPaths = (
			);
			name = "Swift Format";
			outputFileListPaths = (
			);
			outputPaths = (
			);
			runOnlyForDeploymentPostprocessing = 0;
			shellPath = /bin/sh;
			shellScript = "if which swiftformat >/dev/null; then\nswiftformat .\nelse\necho \"warning: SwiftFormat not installed, download from https://github.com/nicklockwood/SwiftFormat\"\nfi\n";
		};
/* End PBXShellScriptBuildPhase section */

/* Begin PBXSourcesBuildPhase section */
		244295321FDC40D300CAD00D /* Sources */ = {
			isa = PBXSourcesBuildPhase;
			buildActionMask = 2147483647;
			files = (
				24089DB81FDDB9C200BC4294 /* AddReminderViewController.swift in Sources */,
				24BCB8F21FDDEFB900BA94C3 /* InMemoryRemindersRepository.swift in Sources */,
				24FE16311FDF150200D252F6 /* Window.swift in Sources */,
				24089DD01FDDDEFF00BC4294 /* ViewControllerFactory.swift in Sources */,
				24089DB61FDDB7D100BC4294 /* AppRouter.swift in Sources */,
				24F90F1A1FED47260070BED0 /* ControllerRouter.swift in Sources */,
				EA2318701FE42DDC0078564F /* ControllerFactory.swift in Sources */,
				245F7C031FDC46D500F319E1 /* RemindersViewController.swift in Sources */,
				24F90F181FED453F0070BED0 /* RemindersRouter.swift in Sources */,
				24F90F1C1FED480C0070BED0 /* ControllerRouterFactory.swift in Sources */,
				EA2318721FE42DEA0078564F /* AddReminderControllerFactory.swift in Sources */,
				24FE16331FDF151C00D252F6 /* ViewController.swift in Sources */,
				245F7C011FDC46AC00F319E1 /* AppDelegate.swift in Sources */,
				24F90F161FED441B0070BED0 /* AddReminderRouter.swift in Sources */,
				24FE16351FDF155E00D252F6 /* UIWindow+Window.swift in Sources */,
				EA2318741FE42DF90078564F /* RemindersViewControllerFactory.swift in Sources */,
				24FE16371FDF157600D252F6 /* UIViewController+ViewController.swift in Sources */,
			);
			runOnlyForDeploymentPostprocessing = 0;
		};
		244295511FDC40D300CAD00D /* Sources */ = {
			isa = PBXSourcesBuildPhase;
			buildActionMask = 2147483647;
			files = (
				BB5273EC1FDEC076005629B4 /* RemindersEndToEndTest.swift in Sources */,
			);
			runOnlyForDeploymentPostprocessing = 0;
		};
		245F7C061FDC4F7C00F319E1 /* Sources */ = {
			isa = PBXSourcesBuildPhase;
			buildActionMask = 2147483647;
			files = (
				24089DB41FDDB6BC00BC4294 /* Route.swift in Sources */,
				245F7C2E1FDC500300F319E1 /* RemindersView.swift in Sources */,
				24CC3A0A1FDDF3EE00F9D1EF /* AddReminderView.swift in Sources */,
				24089DBE1FDDBC3E00BC4294 /* AddReminderPresenter.swift in Sources */,
				24089DC41FDDC08900BC4294 /* Reminder.swift in Sources */,
				24089DB21FDDB65F00BC4294 /* Router.swift in Sources */,
				245F7C2C1FDC4FFA00F319E1 /* RemindersPresenter.swift in Sources */,
				24089DC81FDDC0E800BC4294 /* RemindersRepository.swift in Sources */,
			);
			runOnlyForDeploymentPostprocessing = 0;
		};
		245F7C0F1FDC4F7C00F319E1 /* Sources */ = {
			isa = PBXSourcesBuildPhase;
			buildActionMask = 2147483647;
			files = (
				245F7C1B1FDC4F7C00F319E1 /* RemindersPresenterTest.swift in Sources */,
				24089DC01FDDBC5100BC4294 /* AddReminderPresenterTest.swift in Sources */,
				24FE16251FDF03F300D252F6 /* MockAddReminderView.swift in Sources */,
				24FE16221FDF03F300D252F6 /* SpyRouter.swift in Sources */,
				24FE16241FDF03F300D252F6 /* SpyRemindersView.swift in Sources */,
				24FE16231FDF03F300D252F6 /* MockRemindersRepository.swift in Sources */,
			);
			runOnlyForDeploymentPostprocessing = 0;
		};
		BB5273DB1FDEC029005629B4 /* Sources */ = {
			isa = PBXSourcesBuildPhase;
			buildActionMask = 2147483647;
			files = (
				BB5273ED1FDEC07A005629B4 /* AppRouterTests.swift in Sources */,
				24FE162E1FDF0DC100D252F6 /* FakeViewController.swift in Sources */,
				24FE16391FDF17E300D252F6 /* FakeWindow.swift in Sources */,
				BB5273EA1FDEC060005629B4 /* MockControllerFactory.swift in Sources */,
			);
			runOnlyForDeploymentPostprocessing = 0;
		};
/* End PBXSourcesBuildPhase section */

/* Begin PBXTargetDependency section */
		244295571FDC40D300CAD00D /* PBXTargetDependency */ = {
			isa = PBXTargetDependency;
			target = 244295351FDC40D300CAD00D /* Reminders */;
			targetProxy = 244295561FDC40D300CAD00D /* PBXContainerItemProxy */;
		};
		245F7C161FDC4F7C00F319E1 /* PBXTargetDependency */ = {
			isa = PBXTargetDependency;
			target = 245F7C0A1FDC4F7C00F319E1 /* RemindersCore */;
			targetProxy = 245F7C151FDC4F7C00F319E1 /* PBXContainerItemProxy */;
		};
		245F7C181FDC4F7C00F319E1 /* PBXTargetDependency */ = {
			isa = PBXTargetDependency;
			target = 244295351FDC40D300CAD00D /* Reminders */;
			targetProxy = 245F7C171FDC4F7C00F319E1 /* PBXContainerItemProxy */;
		};
		245F7C1F1FDC4F7C00F319E1 /* PBXTargetDependency */ = {
			isa = PBXTargetDependency;
			target = 245F7C0A1FDC4F7C00F319E1 /* RemindersCore */;
			targetProxy = 245F7C1E1FDC4F7C00F319E1 /* PBXContainerItemProxy */;
		};
		BB5273E51FDEC029005629B4 /* PBXTargetDependency */ = {
			isa = PBXTargetDependency;
			target = 244295351FDC40D300CAD00D /* Reminders */;
			targetProxy = BB5273E41FDEC029005629B4 /* PBXContainerItemProxy */;
		};
/* End PBXTargetDependency section */

/* Begin PBXVariantGroup section */
		244295421FDC40D300CAD00D /* LaunchScreen.storyboard */ = {
			isa = PBXVariantGroup;
			children = (
				244295431FDC40D300CAD00D /* Base */,
			);
			name = LaunchScreen.storyboard;
			sourceTree = "<group>";
		};
/* End PBXVariantGroup section */

/* Begin XCBuildConfiguration section */
		2442955C1FDC40D300CAD00D /* Debug */ = {
			isa = XCBuildConfiguration;
			buildSettings = {
				ALWAYS_SEARCH_USER_PATHS = NO;
				CLANG_ANALYZER_NONNULL = YES;
				CLANG_ANALYZER_NUMBER_OBJECT_CONVERSION = YES_AGGRESSIVE;
				CLANG_CXX_LANGUAGE_STANDARD = "gnu++14";
				CLANG_CXX_LIBRARY = "libc++";
				CLANG_ENABLE_MODULES = YES;
				CLANG_ENABLE_OBJC_ARC = YES;
				CLANG_WARN_BLOCK_CAPTURE_AUTORELEASING = YES;
				CLANG_WARN_BOOL_CONVERSION = YES;
				CLANG_WARN_COMMA = YES;
				CLANG_WARN_CONSTANT_CONVERSION = YES;
				CLANG_WARN_DEPRECATED_OBJC_IMPLEMENTATIONS = YES;
				CLANG_WARN_DIRECT_OBJC_ISA_USAGE = YES_ERROR;
				CLANG_WARN_DOCUMENTATION_COMMENTS = YES;
				CLANG_WARN_EMPTY_BODY = YES;
				CLANG_WARN_ENUM_CONVERSION = YES;
				CLANG_WARN_INFINITE_RECURSION = YES;
				CLANG_WARN_INT_CONVERSION = YES;
				CLANG_WARN_NON_LITERAL_NULL_CONVERSION = YES;
				CLANG_WARN_OBJC_IMPLICIT_RETAIN_SELF = YES;
				CLANG_WARN_OBJC_LITERAL_CONVERSION = YES;
				CLANG_WARN_OBJC_ROOT_CLASS = YES_ERROR;
				CLANG_WARN_RANGE_LOOP_ANALYSIS = YES;
				CLANG_WARN_STRICT_PROTOTYPES = YES;
				CLANG_WARN_SUSPICIOUS_MOVE = YES;
				CLANG_WARN_UNGUARDED_AVAILABILITY = YES_AGGRESSIVE;
				CLANG_WARN_UNREACHABLE_CODE = YES;
				CLANG_WARN__DUPLICATE_METHOD_MATCH = YES;
				CODE_SIGN_IDENTITY = "iPhone Developer";
				COPY_PHASE_STRIP = NO;
				DEBUG_INFORMATION_FORMAT = dwarf;
				ENABLE_STRICT_OBJC_MSGSEND = YES;
				ENABLE_TESTABILITY = YES;
				GCC_C_LANGUAGE_STANDARD = gnu11;
				GCC_DYNAMIC_NO_PIC = NO;
				GCC_NO_COMMON_BLOCKS = YES;
				GCC_OPTIMIZATION_LEVEL = 0;
				GCC_PREPROCESSOR_DEFINITIONS = (
					"DEBUG=1",
					"$(inherited)",
				);
				GCC_WARN_64_TO_32_BIT_CONVERSION = YES;
				GCC_WARN_ABOUT_RETURN_TYPE = YES_ERROR;
				GCC_WARN_UNDECLARED_SELECTOR = YES;
				GCC_WARN_UNINITIALIZED_AUTOS = YES_AGGRESSIVE;
				GCC_WARN_UNUSED_FUNCTION = YES;
				GCC_WARN_UNUSED_VARIABLE = YES;
				IPHONEOS_DEPLOYMENT_TARGET = 11.0;
				MTL_ENABLE_DEBUG_INFO = YES;
				ONLY_ACTIVE_ARCH = YES;
				SDKROOT = iphoneos;
				SWIFT_ACTIVE_COMPILATION_CONDITIONS = DEBUG;
				SWIFT_OPTIMIZATION_LEVEL = "-Onone";
				SWIFT_VERSION = 4.2;
			};
			name = Debug;
		};
		2442955D1FDC40D300CAD00D /* Release */ = {
			isa = XCBuildConfiguration;
			buildSettings = {
				ALWAYS_SEARCH_USER_PATHS = NO;
				CLANG_ANALYZER_NONNULL = YES;
				CLANG_ANALYZER_NUMBER_OBJECT_CONVERSION = YES_AGGRESSIVE;
				CLANG_CXX_LANGUAGE_STANDARD = "gnu++14";
				CLANG_CXX_LIBRARY = "libc++";
				CLANG_ENABLE_MODULES = YES;
				CLANG_ENABLE_OBJC_ARC = YES;
				CLANG_WARN_BLOCK_CAPTURE_AUTORELEASING = YES;
				CLANG_WARN_BOOL_CONVERSION = YES;
				CLANG_WARN_COMMA = YES;
				CLANG_WARN_CONSTANT_CONVERSION = YES;
				CLANG_WARN_DEPRECATED_OBJC_IMPLEMENTATIONS = YES;
				CLANG_WARN_DIRECT_OBJC_ISA_USAGE = YES_ERROR;
				CLANG_WARN_DOCUMENTATION_COMMENTS = YES;
				CLANG_WARN_EMPTY_BODY = YES;
				CLANG_WARN_ENUM_CONVERSION = YES;
				CLANG_WARN_INFINITE_RECURSION = YES;
				CLANG_WARN_INT_CONVERSION = YES;
				CLANG_WARN_NON_LITERAL_NULL_CONVERSION = YES;
				CLANG_WARN_OBJC_IMPLICIT_RETAIN_SELF = YES;
				CLANG_WARN_OBJC_LITERAL_CONVERSION = YES;
				CLANG_WARN_OBJC_ROOT_CLASS = YES_ERROR;
				CLANG_WARN_RANGE_LOOP_ANALYSIS = YES;
				CLANG_WARN_STRICT_PROTOTYPES = YES;
				CLANG_WARN_SUSPICIOUS_MOVE = YES;
				CLANG_WARN_UNGUARDED_AVAILABILITY = YES_AGGRESSIVE;
				CLANG_WARN_UNREACHABLE_CODE = YES;
				CLANG_WARN__DUPLICATE_METHOD_MATCH = YES;
				CODE_SIGN_IDENTITY = "iPhone Developer";
				COPY_PHASE_STRIP = NO;
				DEBUG_INFORMATION_FORMAT = "dwarf-with-dsym";
				ENABLE_NS_ASSERTIONS = NO;
				ENABLE_STRICT_OBJC_MSGSEND = YES;
				GCC_C_LANGUAGE_STANDARD = gnu11;
				GCC_NO_COMMON_BLOCKS = YES;
				GCC_WARN_64_TO_32_BIT_CONVERSION = YES;
				GCC_WARN_ABOUT_RETURN_TYPE = YES_ERROR;
				GCC_WARN_UNDECLARED_SELECTOR = YES;
				GCC_WARN_UNINITIALIZED_AUTOS = YES_AGGRESSIVE;
				GCC_WARN_UNUSED_FUNCTION = YES;
				GCC_WARN_UNUSED_VARIABLE = YES;
				IPHONEOS_DEPLOYMENT_TARGET = 11.0;
				MTL_ENABLE_DEBUG_INFO = NO;
				SDKROOT = iphoneos;
				SWIFT_OPTIMIZATION_LEVEL = "-Owholemodule";
				SWIFT_VERSION = 4.2;
				VALIDATE_PRODUCT = YES;
			};
			name = Release;
		};
		2442955F1FDC40D300CAD00D /* Debug */ = {
			isa = XCBuildConfiguration;
			buildSettings = {
				ALWAYS_EMBED_SWIFT_STANDARD_LIBRARIES = YES;
				ASSETCATALOG_COMPILER_APPICON_NAME = AppIcon;
				CLANG_ENABLE_MODULES = YES;
				CODE_SIGN_STYLE = Automatic;
				DEVELOPMENT_TEAM = 4C34FT6ABU;
				INFOPLIST_FILE = "$(SRCROOT)/Reminders/Supporting Files/Info.plist";
				LD_RUNPATH_SEARCH_PATHS = "$(inherited) @executable_path/Frameworks";
				PRODUCT_BUNDLE_IDENTIFIER = com.tm.Reminders;
				PRODUCT_NAME = "$(TARGET_NAME)";
				SWIFT_OPTIMIZATION_LEVEL = "-Onone";
				TARGETED_DEVICE_FAMILY = "1,2";
			};
			name = Debug;
		};
		244295601FDC40D300CAD00D /* Release */ = {
			isa = XCBuildConfiguration;
			buildSettings = {
				ALWAYS_EMBED_SWIFT_STANDARD_LIBRARIES = YES;
				ASSETCATALOG_COMPILER_APPICON_NAME = AppIcon;
				CLANG_ENABLE_MODULES = YES;
				CODE_SIGN_STYLE = Automatic;
				DEVELOPMENT_TEAM = 4C34FT6ABU;
				INFOPLIST_FILE = "$(SRCROOT)/Reminders/Supporting Files/Info.plist";
				LD_RUNPATH_SEARCH_PATHS = "$(inherited) @executable_path/Frameworks";
				PRODUCT_BUNDLE_IDENTIFIER = com.tm.Reminders;
				PRODUCT_NAME = "$(TARGET_NAME)";
				TARGETED_DEVICE_FAMILY = "1,2";
			};
			name = Release;
		};
		244295651FDC40D300CAD00D /* Debug */ = {
			isa = XCBuildConfiguration;
			buildSettings = {
				ALWAYS_EMBED_SWIFT_STANDARD_LIBRARIES = YES;
				CLANG_ENABLE_MODULES = YES;
				CODE_SIGN_STYLE = Automatic;
				DEVELOPMENT_TEAM = 4C34FT6ABU;
				INFOPLIST_FILE = "RemindersUITests/Supporting Files/Info.plist";
				LD_RUNPATH_SEARCH_PATHS = "$(inherited) @executable_path/Frameworks @loader_path/Frameworks";
				PRODUCT_BUNDLE_IDENTIFIER = com.tm.RemindersUITests;
				PRODUCT_NAME = "$(TARGET_NAME)";
				SWIFT_OPTIMIZATION_LEVEL = "-Onone";
				TARGETED_DEVICE_FAMILY = "1,2";
				TEST_TARGET_NAME = Reminders;
			};
			name = Debug;
		};
		244295661FDC40D300CAD00D /* Release */ = {
			isa = XCBuildConfiguration;
			buildSettings = {
				ALWAYS_EMBED_SWIFT_STANDARD_LIBRARIES = YES;
				CLANG_ENABLE_MODULES = YES;
				CODE_SIGN_STYLE = Automatic;
				DEVELOPMENT_TEAM = 4C34FT6ABU;
				INFOPLIST_FILE = "RemindersUITests/Supporting Files/Info.plist";
				LD_RUNPATH_SEARCH_PATHS = "$(inherited) @executable_path/Frameworks @loader_path/Frameworks";
				PRODUCT_BUNDLE_IDENTIFIER = com.tm.RemindersUITests;
				PRODUCT_NAME = "$(TARGET_NAME)";
				TARGETED_DEVICE_FAMILY = "1,2";
				TEST_TARGET_NAME = Reminders;
			};
			name = Release;
		};
		245F7C231FDC4F7C00F319E1 /* Debug */ = {
			isa = XCBuildConfiguration;
			buildSettings = {
				CLANG_ENABLE_MODULES = YES;
				CODE_SIGN_IDENTITY = "";
				CODE_SIGN_STYLE = Automatic;
				CURRENT_PROJECT_VERSION = 1;
				DEFINES_MODULE = YES;
				DEVELOPMENT_TEAM = 4C34FT6ABU;
				DYLIB_COMPATIBILITY_VERSION = 1;
				DYLIB_CURRENT_VERSION = 1;
				DYLIB_INSTALL_NAME_BASE = "@rpath";
				INFOPLIST_FILE = "$(SRCROOT)/RemindersCore/Supporting Files/Info.plist";
				INSTALL_PATH = "$(LOCAL_LIBRARY_DIR)/Frameworks";
				LD_RUNPATH_SEARCH_PATHS = "$(inherited) @executable_path/Frameworks @loader_path/Frameworks";
				PRODUCT_BUNDLE_IDENTIFIER = com.tm.RemindersCore;
				PRODUCT_NAME = "$(TARGET_NAME:c99extidentifier)";
				SKIP_INSTALL = YES;
				SWIFT_OPTIMIZATION_LEVEL = "-Onone";
				TARGETED_DEVICE_FAMILY = "1,2";
				VERSIONING_SYSTEM = "apple-generic";
				VERSION_INFO_PREFIX = "";
			};
			name = Debug;
		};
		245F7C241FDC4F7C00F319E1 /* Release */ = {
			isa = XCBuildConfiguration;
			buildSettings = {
				CLANG_ENABLE_MODULES = YES;
				CODE_SIGN_IDENTITY = "";
				CODE_SIGN_STYLE = Automatic;
				CURRENT_PROJECT_VERSION = 1;
				DEFINES_MODULE = YES;
				DEVELOPMENT_TEAM = 4C34FT6ABU;
				DYLIB_COMPATIBILITY_VERSION = 1;
				DYLIB_CURRENT_VERSION = 1;
				DYLIB_INSTALL_NAME_BASE = "@rpath";
				INFOPLIST_FILE = "$(SRCROOT)/RemindersCore/Supporting Files/Info.plist";
				INSTALL_PATH = "$(LOCAL_LIBRARY_DIR)/Frameworks";
				LD_RUNPATH_SEARCH_PATHS = "$(inherited) @executable_path/Frameworks @loader_path/Frameworks";
				PRODUCT_BUNDLE_IDENTIFIER = com.tm.RemindersCore;
				PRODUCT_NAME = "$(TARGET_NAME:c99extidentifier)";
				SKIP_INSTALL = YES;
				TARGETED_DEVICE_FAMILY = "1,2";
				VERSIONING_SYSTEM = "apple-generic";
				VERSION_INFO_PREFIX = "";
			};
			name = Release;
		};
		245F7C271FDC4F7C00F319E1 /* Debug */ = {
			isa = XCBuildConfiguration;
			buildSettings = {
				ALWAYS_EMBED_SWIFT_STANDARD_LIBRARIES = YES;
				CODE_SIGN_STYLE = Automatic;
				DEVELOPMENT_TEAM = 4C34FT6ABU;
				INFOPLIST_FILE = "RemindersCoreTests/Supporting Files/Info.plist";
				LD_RUNPATH_SEARCH_PATHS = "$(inherited) @executable_path/Frameworks @loader_path/Frameworks";
				PRODUCT_BUNDLE_IDENTIFIER = com.tm.RemindersCoreTests;
				PRODUCT_NAME = "$(TARGET_NAME)";
				TARGETED_DEVICE_FAMILY = "1,2";
				TEST_HOST = "$(BUILT_PRODUCTS_DIR)/Reminders.app/Reminders";
			};
			name = Debug;
		};
		245F7C281FDC4F7C00F319E1 /* Release */ = {
			isa = XCBuildConfiguration;
			buildSettings = {
				ALWAYS_EMBED_SWIFT_STANDARD_LIBRARIES = YES;
				CODE_SIGN_STYLE = Automatic;
				DEVELOPMENT_TEAM = 4C34FT6ABU;
				INFOPLIST_FILE = "RemindersCoreTests/Supporting Files/Info.plist";
				LD_RUNPATH_SEARCH_PATHS = "$(inherited) @executable_path/Frameworks @loader_path/Frameworks";
				PRODUCT_BUNDLE_IDENTIFIER = com.tm.RemindersCoreTests;
				PRODUCT_NAME = "$(TARGET_NAME)";
				TARGETED_DEVICE_FAMILY = "1,2";
				TEST_HOST = "$(BUILT_PRODUCTS_DIR)/Reminders.app/Reminders";
			};
			name = Release;
		};
		BB5273E71FDEC029005629B4 /* Debug */ = {
			isa = XCBuildConfiguration;
			buildSettings = {
				BUNDLE_LOADER = "$(TEST_HOST)";
				CODE_SIGN_STYLE = Automatic;
				DEVELOPMENT_TEAM = 44Q2J6374R;
				INFOPLIST_FILE = "RemindersTests/Supporting Files/Info.plist";
				IPHONEOS_DEPLOYMENT_TARGET = 11.1;
				LD_RUNPATH_SEARCH_PATHS = "$(inherited) @executable_path/Frameworks @loader_path/Frameworks";
				PRODUCT_BUNDLE_IDENTIFIER = com.reminder.RemindersTests;
				PRODUCT_NAME = "$(TARGET_NAME)";
				TARGETED_DEVICE_FAMILY = "1,2";
				TEST_HOST = "$(BUILT_PRODUCTS_DIR)/Reminders.app/Reminders";
			};
			name = Debug;
		};
		BB5273E81FDEC029005629B4 /* Release */ = {
			isa = XCBuildConfiguration;
			buildSettings = {
				BUNDLE_LOADER = "$(TEST_HOST)";
				CODE_SIGN_STYLE = Automatic;
				DEVELOPMENT_TEAM = 44Q2J6374R;
				INFOPLIST_FILE = "RemindersTests/Supporting Files/Info.plist";
				IPHONEOS_DEPLOYMENT_TARGET = 11.1;
				LD_RUNPATH_SEARCH_PATHS = "$(inherited) @executable_path/Frameworks @loader_path/Frameworks";
				PRODUCT_BUNDLE_IDENTIFIER = com.reminder.RemindersTests;
				PRODUCT_NAME = "$(TARGET_NAME)";
				TARGETED_DEVICE_FAMILY = "1,2";
				TEST_HOST = "$(BUILT_PRODUCTS_DIR)/Reminders.app/Reminders";
			};
			name = Release;
		};
/* End XCBuildConfiguration section */

/* Begin XCConfigurationList section */
		244295311FDC40D300CAD00D /* Build configuration list for PBXProject "Reminders" */ = {
			isa = XCConfigurationList;
			buildConfigurations = (
				2442955C1FDC40D300CAD00D /* Debug */,
				2442955D1FDC40D300CAD00D /* Release */,
			);
			defaultConfigurationIsVisible = 0;
			defaultConfigurationName = Release;
		};
		2442955E1FDC40D300CAD00D /* Build configuration list for PBXNativeTarget "Reminders" */ = {
			isa = XCConfigurationList;
			buildConfigurations = (
				2442955F1FDC40D300CAD00D /* Debug */,
				244295601FDC40D300CAD00D /* Release */,
			);
			defaultConfigurationIsVisible = 0;
			defaultConfigurationName = Release;
		};
		244295641FDC40D300CAD00D /* Build configuration list for PBXNativeTarget "RemindersUITests" */ = {
			isa = XCConfigurationList;
			buildConfigurations = (
				244295651FDC40D300CAD00D /* Debug */,
				244295661FDC40D300CAD00D /* Release */,
			);
			defaultConfigurationIsVisible = 0;
			defaultConfigurationName = Release;
		};
		245F7C221FDC4F7C00F319E1 /* Build configuration list for PBXNativeTarget "RemindersCore" */ = {
			isa = XCConfigurationList;
			buildConfigurations = (
				245F7C231FDC4F7C00F319E1 /* Debug */,
				245F7C241FDC4F7C00F319E1 /* Release */,
			);
			defaultConfigurationIsVisible = 0;
			defaultConfigurationName = Release;
		};
		245F7C261FDC4F7C00F319E1 /* Build configuration list for PBXNativeTarget "RemindersCoreTests" */ = {
			isa = XCConfigurationList;
			buildConfigurations = (
				245F7C271FDC4F7C00F319E1 /* Debug */,
				245F7C281FDC4F7C00F319E1 /* Release */,
			);
			defaultConfigurationIsVisible = 0;
			defaultConfigurationName = Release;
		};
		BB5273E61FDEC029005629B4 /* Build configuration list for PBXNativeTarget "RemindersTests" */ = {
			isa = XCConfigurationList;
			buildConfigurations = (
				BB5273E71FDEC029005629B4 /* Debug */,
				BB5273E81FDEC029005629B4 /* Release */,
			);
			defaultConfigurationIsVisible = 0;
			defaultConfigurationName = Release;
		};
/* End XCConfigurationList section */
	};
	rootObject = 2442952E1FDC40D300CAD00D /* Project object */;
}
